
Microsoft Visual Studio Solution File, Format Version 12.00
# Visual Studio Version 17
VisualStudioVersion = 17.0.31903.59
MinimumVisualStudioVersion = 10.0.40219.1
Project("{9A19103F-16F7-4668-BE54-9A1E7A4F7556}") = "AdventureWorks.Business", "AdventureWorks\AdventureWorks.Business.csproj", "{B8BC2E9E-F104-4AFE-87F0-BE27DF01D98B}"
EndProject
Project("{9A19103F-16F7-4668-BE54-9A1E7A4F7556}") = "AdventureWorks.Authentication", "AdventureWorks.Authentication\AdventureWorks.Authentication.csproj", "{66ACCF69-1DAD-48BD-AD95-42537EE4B5E8}"
EndProject
Project("{9A19103F-16F7-4668-BE54-9A1E7A4F7556}") = "AdventureWorks.Authentication.Hosting.Rest", "AdventureWorks.Authentication.Hosting.Rest\AdventureWorks.Authentication.Hosting.Rest.csproj", "{C72620E1-67FD-42CE-9674-546EC0825914}"
EndProject
Project("{9A19103F-16F7-4668-BE54-9A1E7A4F7556}") = "AdventureWorks.Authentication.Jwt", "AdventureWorks.Authentication.Jwt\AdventureWorks.Authentication.Jwt.csproj", "{E12F35D5-2635-4B4F-8627-8D6DCC749E32}"
EndProject
Project("{9A19103F-16F7-4668-BE54-9A1E7A4F7556}") = "AdventureWorks.Authentication.Jwt.MagicOnion.Server", "AdventureWorks.Authentication.Jwt.MagicOnion.Server\AdventureWorks.Authentication.Jwt.MagicOnion.Server.csproj", "{C234C873-78E9-481E-A616-963E69479218}"
EndProject
Project("{9A19103F-16F7-4668-BE54-9A1E7A4F7556}") = "AdventureWorks.Authentication.Jwt.Rest", "AdventureWorks.Authentication.Jwt.Rest\AdventureWorks.Authentication.Jwt.Rest.csproj", "{556CAC11-2D64-4B80-A95C-EFE0955876C2}"
EndProject
Project("{9A19103F-16F7-4668-BE54-9A1E7A4F7556}") = "AdventureWorks.Authentication.Jwt.Rest.Server", "AdventureWorks.Authentication.Jwt.Rest.Server\AdventureWorks.Authentication.Jwt.Rest.Server.csproj", "{99648DAD-99D6-4235-9587-F4515C647E5C}"
EndProject
Project("{9A19103F-16F7-4668-BE54-9A1E7A4F7556}") = "AdventureWorks.Database", "AdventureWorks.Database\AdventureWorks.Database.csproj", "{3A8AEB0F-00A3-44FC-8862-D720E5D28D6D}"
EndProject
Project("{9A19103F-16F7-4668-BE54-9A1E7A4F7556}") = "AdventureWorks.Hosting", "AdventureWorks.Hosting\AdventureWorks.Hosting.csproj", "{37CB5232-069D-4C38-88E6-E87BDEAF9B8B}"
EndProject
Project("{9A19103F-16F7-4668-BE54-9A1E7A4F7556}") = "AdventureWorks.Hosting.AspNetCore", "AdventureWorks.Hosting.AspNetCore\AdventureWorks.Hosting.AspNetCore.csproj", "{860531E8-2AC5-482A-9E2A-B25D6D2A106D}"
EndProject
Project("{9A19103F-16F7-4668-BE54-9A1E7A4F7556}") = "AdventureWorks.Hosting.MagicOnion", "AdventureWorks.Hosting.MagicOnion\AdventureWorks.Hosting.MagicOnion.csproj", "{6E50CD21-BE1A-4DF0-897B-937E0E037752}"
EndProject
Project("{9A19103F-16F7-4668-BE54-9A1E7A4F7556}") = "AdventureWorks.Hosting.MagicOnion.Server", "AdventureWorks.Hosting.MagicOnion.Server\AdventureWorks.Hosting.MagicOnion.Server.csproj", "{60360512-B763-4EFD-952D-EB278BE3931C}"
EndProject
Project("{9A19103F-16F7-4668-BE54-9A1E7A4F7556}") = "AdventureWorks.Hosting.Rest", "AdventureWorks.Hosting.Rest\AdventureWorks.Hosting.Rest.csproj", "{3C3AF2A6-DBA2-43CD-89F3-B305D2B600E7}"
EndProject
Project("{9A19103F-16F7-4668-BE54-9A1E7A4F7556}") = "AdventureWorks.Hosting.Wpf", "AdventureWorks.Hosting.Wpf\AdventureWorks.Hosting.Wpf.csproj", "{28DE27B8-6DF8-4124-BF9B-E8D67EB6F805}"
EndProject
Project("{9A19103F-16F7-4668-BE54-9A1E7A4F7556}") = "AdventureWorks.Business.MagicOnion", "AdventureWorks.MagicOnion\AdventureWorks.Business.MagicOnion.csproj", "{BF6E118A-5A81-4BF5-9071-F855FCDEA9FF}"
EndProject
Project("{9A19103F-16F7-4668-BE54-9A1E7A4F7556}") = "AdventureWorks.MagicOnion.Client", "AdventureWorks.MagicOnion.Client\AdventureWorks.MagicOnion.Client.csproj", "{577D375A-601D-42F1-A060-CC9BBCF37FED}"
EndProject
Project("{9A19103F-16F7-4668-BE54-9A1E7A4F7556}") = "AdventureWorks.MagicOnion.Server", "AdventureWorks.MagicOnion.Server\AdventureWorks.MagicOnion.Server.csproj", "{37574D74-CA63-4AEF-8E8C-E31F9D12871A}"
EndProject
Project("{9A19103F-16F7-4668-BE54-9A1E7A4F7556}") = "AdventureWorks.Business.Purchasing", "AdventureWorks.Purchasing\AdventureWorks.Business.Purchasing.csproj", "{B7D5D78D-2C0E-4526-B498-5E17105848F1}"
EndProject
Project("{9A19103F-16F7-4668-BE54-9A1E7A4F7556}") = "AdventureWorks.Business.Purchasing.AspNetCore", "AdventureWorks.Purchasing.AspNetCore\AdventureWorks.Business.Purchasing.AspNetCore.csproj", "{8EB82813-EDAF-49C0-9C9C-D5FFDA73C336}"
EndProject
Project("{9A19103F-16F7-4668-BE54-9A1E7A4F7556}") = "AdventureWorks.Business.Purchasing.MagicOnion", "AdventureWorks.Purchasing.MagicOnion\AdventureWorks.Business.Purchasing.MagicOnion.csproj", "{B6C2F3E6-1E85-4D2E-ADCD-8BF85BEBB9A9}"
EndProject
Project("{9A19103F-16F7-4668-BE54-9A1E7A4F7556}") = "AdventureWorks.Business.Purchasing.MagicOnion.Server", "AdventureWorks.Purchasing.MagicOnion.Server\AdventureWorks.Business.Purchasing.MagicOnion.Server.csproj", "{CEE4BE27-D782-4266-BAC0-8645263310CC}"
EndProject
Project("{9A19103F-16F7-4668-BE54-9A1E7A4F7556}") = "AdventureWorks.Business.Purchasing.Menu.ViewModel", "AdventureWorks.Purchasing.Menu.ViewModel\AdventureWorks.Business.Purchasing.Menu.ViewModel.csproj", "{55D1E4A8-767E-4666-ACCF-BEC8114D1C08}"
EndProject
Project("{9A19103F-16F7-4668-BE54-9A1E7A4F7556}") = "AdventureWorks.Business.Purchasing.RePurchasing", "AdventureWorks.Purchasing.RePurchasing\AdventureWorks.Business.Purchasing.RePurchasing.csproj", "{542E102A-D571-4E59-9EBE-BB8BCBB15C0D}"
EndProject
Project("{9A19103F-16F7-4668-BE54-9A1E7A4F7556}") = "AdventureWorks.Business.Purchasing.RePurchasing.MagicOnion", "AdventureWorks.Purchasing.RePurchasing.MagicOnion\AdventureWorks.Business.Purchasing.RePurchasing.MagicOnion.csproj", "{0E7F6CF6-540E-43A0-A159-C38795FE3EAF}"
EndProject
Project("{9A19103F-16F7-4668-BE54-9A1E7A4F7556}") = "AdventureWorks.Business.Purchasing.RePurchasing.MagicOnion.Server", "AdventureWorks.Purchasing.RePurchasing.MagicOnion.Server\AdventureWorks.Business.Purchasing.RePurchasing.MagicOnion.Server.csproj", "{1917DA43-E157-47CE-9BAB-56E168122124}"
EndProject
Project("{9A19103F-16F7-4668-BE54-9A1E7A4F7556}") = "AdventureWorks.Business.Purchasing.RePurchasing.SqlServer", "AdventureWorks.Purchasing.RePurchasing.SqlServer\AdventureWorks.Business.Purchasing.RePurchasing.SqlServer.csproj", "{A5051EEC-D8F4-4198-9487-4D4A16420364}"
EndProject
Project("{9A19103F-16F7-4668-BE54-9A1E7A4F7556}") = "AdventureWorks.Business.Purchasing.RePurchasing.ViewModel", "AdventureWorks.Purchasing.RePurchasing.ViewModel\AdventureWorks.Business.Purchasing.RePurchasing.ViewModel.csproj", "{C89269B8-D674-4AE2-9CDD-DE3013668DD5}"
EndProject
Project("{9A19103F-16F7-4668-BE54-9A1E7A4F7556}") = "AdventureWorks.Business.Purchasing.SqlServer", "AdventureWorks.Purchasing.SqlServer\AdventureWorks.Business.Purchasing.SqlServer.csproj", "{99545435-413F-4189-A550-5ED072BCF9F6}"
EndProject
Project("{9A19103F-16F7-4668-BE54-9A1E7A4F7556}") = "AdventureWorks.Business.Purchasing.View", "AdventureWorks.Purchasing.View\AdventureWorks.Business.Purchasing.View.csproj", "{54BE44AB-EB8F-4E37-8C58-A7EDE7B90C61}"
EndProject
Project("{2150E333-8FDC-42A3-9474-1A3956D46DE8}") = "View.Test", "View.Test", "{4B360347-7D52-4F7E-89CD-43F324F16794}"
EndProject
Project("{9A19103F-16F7-4668-BE54-9A1E7A4F7556}") = "AdventureWorks.Purchasing.App.Driver", "AdventureWorks.Purchasing.View.Test\AdventureWorks.Purchasing.App.Driver\AdventureWorks.Purchasing.App.Driver.csproj", "{E1E35190-D6B0-471D-9A2E-A9922533591B}"
EndProject
Project("{9A19103F-16F7-4668-BE54-9A1E7A4F7556}") = "Driver", "AdventureWorks.Purchasing.View.Test\Driver\Driver.csproj", "{197136B8-7FF2-46DE-9207-2FBC53DE9B9F}"
EndProject
Project("{9A19103F-16F7-4668-BE54-9A1E7A4F7556}") = "Driver.InTarget", "AdventureWorks.Purchasing.View.Test\Driver.InTarget\Driver.InTarget.csproj", "{53E95A71-E0D6-4D04-A9D9-2F13B5065C35}"
EndProject
Project("{9A19103F-16F7-4668-BE54-9A1E7A4F7556}") = "Scenario", "AdventureWorks.Purchasing.View.Test\Scenario\Scenario.csproj", "{8FFB1862-4994-4066-B7BC-4EB53E5ED836}"
EndProject
Project("{9A19103F-16F7-4668-BE54-9A1E7A4F7556}") = "AdventureWorks.Business.Purchasing.ViewModel", "AdventureWorks.Purchasing.ViewModel\AdventureWorks.Business.Purchasing.ViewModel.csproj", "{9476DA99-7019-4218-9561-7FE1ADF2FDF4}"
EndProject
Project("{9A19103F-16F7-4668-BE54-9A1E7A4F7556}") = "AdventureWorks.Business.Purchasing.Wpf", "AdventureWorks.Purchasing.Wpf\AdventureWorks.Business.Purchasing.Wpf.csproj", "{7C65D2A8-8342-4EF7-9A65-B7E43A82B1B8}"
EndProject
Project("{9A19103F-16F7-4668-BE54-9A1E7A4F7556}") = "AdventureWorks.Business.SqlServer", "AdventureWorks.SqlServer\AdventureWorks.Business.SqlServer.csproj", "{EF2DFB80-ADAD-44F2-B532-BCFE35D2AF59}"
EndProject
Project("{9A19103F-16F7-4668-BE54-9A1E7A4F7556}") = "AdventureWorks.Business.System", "AdventureWorks.System\AdventureWorks.Business.System.csproj", "{560314B1-EF21-4040-BF2E-F07F77482B39}"
EndProject
Project("{9A19103F-16F7-4668-BE54-9A1E7A4F7556}") = "AdventureWorks.Wpf.View", "AdventureWorks.Wpf.View\AdventureWorks.Wpf.View.csproj", "{F5AA017E-ECF5-4067-BB9B-DFBF9E2131A5}"
EndProject
Project("{9A19103F-16F7-4668-BE54-9A1E7A4F7556}") = "AdventureWorks.Wpf.ViewModel", "AdventureWorks.Wpf.ViewModel\AdventureWorks.Wpf.ViewModel.csproj", "{1D9CB984-2290-4F44-86A8-D08FADC2D275}"
EndProject
Project("{2150E333-8FDC-42A3-9474-1A3956D46DE8}") = "AdventureWorks.Business", "AdventureWorks.Business", "{597482D1-0F57-4E6B-BA00-DC9AAA34C08C}"
EndProject
Project("{2150E333-8FDC-42A3-9474-1A3956D46DE8}") = "AdventureWorks.Authentication", "AdventureWorks.Authentication", "{6EE8D39D-C116-4CEB-8044-E4D2C029F896}"
EndProject
Project("{2150E333-8FDC-42A3-9474-1A3956D46DE8}") = "AdventureWorks.Hosting", "AdventureWorks.Hosting", "{3D34E3E8-473F-4A0D-8262-AA1F6A5EDD33}"
EndProject
Project("{2150E333-8FDC-42A3-9474-1A3956D46DE8}") = "AdventureWorks.MagicOnion", "AdventureWorks.MagicOnion", "{C4A18DF2-B6E6-4E39-BE62-5828FD6F41A3}"
EndProject
Project("{2150E333-8FDC-42A3-9474-1A3956D46DE8}") = "AdventureWorks.Business.Purchasing", "AdventureWorks.Business.Purchasing", "{55B54CC7-990A-4BCC-ABE9-59036DFC87C7}"
EndProject
Project("{2150E333-8FDC-42A3-9474-1A3956D46DE8}") = "AdventureWorks.Wpf", "AdventureWorks.Wpf", "{85719334-2764-4F42-B559-135D408E858C}"
EndProject
Project("{2150E333-8FDC-42A3-9474-1A3956D46DE8}") = "AdventureWorks.Database", "AdventureWorks.Database", "{3EE56036-B9E6-40AE-80B4-F9B696EE669E}"
EndProject
Project("{2150E333-8FDC-42A3-9474-1A3956D46DE8}") = "Menu", "Menu", "{99C36631-51E7-4C05-9744-04C8CD0C1EFA}"
EndProject
Project("{2150E333-8FDC-42A3-9474-1A3956D46DE8}") = "RePurchasing", "RePurchasing", "{51A45B31-9F54-4C01-A754-036F75299106}"
EndProject
Global
	GlobalSection(SolutionConfigurationPlatforms) = preSolution
		Debug|Any CPU = Debug|Any CPU
		Release|Any CPU = Release|Any CPU
	EndGlobalSection
	GlobalSection(ProjectConfigurationPlatforms) = postSolution
		{B8BC2E9E-F104-4AFE-87F0-BE27DF01D98B}.Debug|Any CPU.ActiveCfg = Debug|Any CPU
		{B8BC2E9E-F104-4AFE-87F0-BE27DF01D98B}.Debug|Any CPU.Build.0 = Debug|Any CPU
		{B8BC2E9E-F104-4AFE-87F0-BE27DF01D98B}.Release|Any CPU.ActiveCfg = Release|Any CPU
		{B8BC2E9E-F104-4AFE-87F0-BE27DF01D98B}.Release|Any CPU.Build.0 = Release|Any CPU
		{66ACCF69-1DAD-48BD-AD95-42537EE4B5E8}.Debug|Any CPU.ActiveCfg = Debug|Any CPU
		{66ACCF69-1DAD-48BD-AD95-42537EE4B5E8}.Debug|Any CPU.Build.0 = Debug|Any CPU
		{66ACCF69-1DAD-48BD-AD95-42537EE4B5E8}.Release|Any CPU.ActiveCfg = Release|Any CPU
		{66ACCF69-1DAD-48BD-AD95-42537EE4B5E8}.Release|Any CPU.Build.0 = Release|Any CPU
		{C72620E1-67FD-42CE-9674-546EC0825914}.Debug|Any CPU.ActiveCfg = Debug|Any CPU
		{C72620E1-67FD-42CE-9674-546EC0825914}.Debug|Any CPU.Build.0 = Debug|Any CPU
		{C72620E1-67FD-42CE-9674-546EC0825914}.Release|Any CPU.ActiveCfg = Release|Any CPU
		{C72620E1-67FD-42CE-9674-546EC0825914}.Release|Any CPU.Build.0 = Release|Any CPU
		{E12F35D5-2635-4B4F-8627-8D6DCC749E32}.Debug|Any CPU.ActiveCfg = Debug|Any CPU
		{E12F35D5-2635-4B4F-8627-8D6DCC749E32}.Debug|Any CPU.Build.0 = Debug|Any CPU
		{E12F35D5-2635-4B4F-8627-8D6DCC749E32}.Release|Any CPU.ActiveCfg = Release|Any CPU
		{E12F35D5-2635-4B4F-8627-8D6DCC749E32}.Release|Any CPU.Build.0 = Release|Any CPU
		{C234C873-78E9-481E-A616-963E69479218}.Debug|Any CPU.ActiveCfg = Debug|Any CPU
		{C234C873-78E9-481E-A616-963E69479218}.Debug|Any CPU.Build.0 = Debug|Any CPU
		{C234C873-78E9-481E-A616-963E69479218}.Release|Any CPU.ActiveCfg = Release|Any CPU
		{C234C873-78E9-481E-A616-963E69479218}.Release|Any CPU.Build.0 = Release|Any CPU
		{556CAC11-2D64-4B80-A95C-EFE0955876C2}.Debug|Any CPU.ActiveCfg = Debug|Any CPU
		{556CAC11-2D64-4B80-A95C-EFE0955876C2}.Debug|Any CPU.Build.0 = Debug|Any CPU
		{556CAC11-2D64-4B80-A95C-EFE0955876C2}.Release|Any CPU.ActiveCfg = Release|Any CPU
		{556CAC11-2D64-4B80-A95C-EFE0955876C2}.Release|Any CPU.Build.0 = Release|Any CPU
		{99648DAD-99D6-4235-9587-F4515C647E5C}.Debug|Any CPU.ActiveCfg = Debug|Any CPU
		{99648DAD-99D6-4235-9587-F4515C647E5C}.Debug|Any CPU.Build.0 = Debug|Any CPU
		{99648DAD-99D6-4235-9587-F4515C647E5C}.Release|Any CPU.ActiveCfg = Release|Any CPU
		{99648DAD-99D6-4235-9587-F4515C647E5C}.Release|Any CPU.Build.0 = Release|Any CPU
		{3A8AEB0F-00A3-44FC-8862-D720E5D28D6D}.Debug|Any CPU.ActiveCfg = Debug|Any CPU
		{3A8AEB0F-00A3-44FC-8862-D720E5D28D6D}.Debug|Any CPU.Build.0 = Debug|Any CPU
		{3A8AEB0F-00A3-44FC-8862-D720E5D28D6D}.Release|Any CPU.ActiveCfg = Release|Any CPU
		{3A8AEB0F-00A3-44FC-8862-D720E5D28D6D}.Release|Any CPU.Build.0 = Release|Any CPU
		{37CB5232-069D-4C38-88E6-E87BDEAF9B8B}.Debug|Any CPU.ActiveCfg = Debug|Any CPU
		{37CB5232-069D-4C38-88E6-E87BDEAF9B8B}.Debug|Any CPU.Build.0 = Debug|Any CPU
		{37CB5232-069D-4C38-88E6-E87BDEAF9B8B}.Release|Any CPU.ActiveCfg = Release|Any CPU
		{37CB5232-069D-4C38-88E6-E87BDEAF9B8B}.Release|Any CPU.Build.0 = Release|Any CPU
		{860531E8-2AC5-482A-9E2A-B25D6D2A106D}.Debug|Any CPU.ActiveCfg = Debug|Any CPU
		{860531E8-2AC5-482A-9E2A-B25D6D2A106D}.Debug|Any CPU.Build.0 = Debug|Any CPU
		{860531E8-2AC5-482A-9E2A-B25D6D2A106D}.Release|Any CPU.ActiveCfg = Release|Any CPU
		{860531E8-2AC5-482A-9E2A-B25D6D2A106D}.Release|Any CPU.Build.0 = Release|Any CPU
		{6E50CD21-BE1A-4DF0-897B-937E0E037752}.Debug|Any CPU.ActiveCfg = Debug|Any CPU
		{6E50CD21-BE1A-4DF0-897B-937E0E037752}.Debug|Any CPU.Build.0 = Debug|Any CPU
		{6E50CD21-BE1A-4DF0-897B-937E0E037752}.Release|Any CPU.ActiveCfg = Release|Any CPU
		{6E50CD21-BE1A-4DF0-897B-937E0E037752}.Release|Any CPU.Build.0 = Release|Any CPU
		{60360512-B763-4EFD-952D-EB278BE3931C}.Debug|Any CPU.ActiveCfg = Debug|Any CPU
		{60360512-B763-4EFD-952D-EB278BE3931C}.Debug|Any CPU.Build.0 = Debug|Any CPU
		{60360512-B763-4EFD-952D-EB278BE3931C}.Release|Any CPU.ActiveCfg = Release|Any CPU
		{60360512-B763-4EFD-952D-EB278BE3931C}.Release|Any CPU.Build.0 = Release|Any CPU
		{3C3AF2A6-DBA2-43CD-89F3-B305D2B600E7}.Debug|Any CPU.ActiveCfg = Debug|Any CPU
		{3C3AF2A6-DBA2-43CD-89F3-B305D2B600E7}.Debug|Any CPU.Build.0 = Debug|Any CPU
		{3C3AF2A6-DBA2-43CD-89F3-B305D2B600E7}.Release|Any CPU.ActiveCfg = Release|Any CPU
		{3C3AF2A6-DBA2-43CD-89F3-B305D2B600E7}.Release|Any CPU.Build.0 = Release|Any CPU
		{28DE27B8-6DF8-4124-BF9B-E8D67EB6F805}.Debug|Any CPU.ActiveCfg = Debug|Any CPU
		{28DE27B8-6DF8-4124-BF9B-E8D67EB6F805}.Debug|Any CPU.Build.0 = Debug|Any CPU
		{28DE27B8-6DF8-4124-BF9B-E8D67EB6F805}.Release|Any CPU.ActiveCfg = Release|Any CPU
		{28DE27B8-6DF8-4124-BF9B-E8D67EB6F805}.Release|Any CPU.Build.0 = Release|Any CPU
		{BF6E118A-5A81-4BF5-9071-F855FCDEA9FF}.Debug|Any CPU.ActiveCfg = Debug|Any CPU
		{BF6E118A-5A81-4BF5-9071-F855FCDEA9FF}.Debug|Any CPU.Build.0 = Debug|Any CPU
		{BF6E118A-5A81-4BF5-9071-F855FCDEA9FF}.Release|Any CPU.ActiveCfg = Release|Any CPU
		{BF6E118A-5A81-4BF5-9071-F855FCDEA9FF}.Release|Any CPU.Build.0 = Release|Any CPU
		{577D375A-601D-42F1-A060-CC9BBCF37FED}.Debug|Any CPU.ActiveCfg = Debug|Any CPU
		{577D375A-601D-42F1-A060-CC9BBCF37FED}.Debug|Any CPU.Build.0 = Debug|Any CPU
		{577D375A-601D-42F1-A060-CC9BBCF37FED}.Release|Any CPU.ActiveCfg = Release|Any CPU
		{577D375A-601D-42F1-A060-CC9BBCF37FED}.Release|Any CPU.Build.0 = Release|Any CPU
		{37574D74-CA63-4AEF-8E8C-E31F9D12871A}.Debug|Any CPU.ActiveCfg = Debug|Any CPU
		{37574D74-CA63-4AEF-8E8C-E31F9D12871A}.Debug|Any CPU.Build.0 = Debug|Any CPU
		{37574D74-CA63-4AEF-8E8C-E31F9D12871A}.Release|Any CPU.ActiveCfg = Release|Any CPU
		{37574D74-CA63-4AEF-8E8C-E31F9D12871A}.Release|Any CPU.Build.0 = Release|Any CPU
		{B7D5D78D-2C0E-4526-B498-5E17105848F1}.Debug|Any CPU.ActiveCfg = Debug|Any CPU
		{B7D5D78D-2C0E-4526-B498-5E17105848F1}.Debug|Any CPU.Build.0 = Debug|Any CPU
		{B7D5D78D-2C0E-4526-B498-5E17105848F1}.Release|Any CPU.ActiveCfg = Release|Any CPU
		{B7D5D78D-2C0E-4526-B498-5E17105848F1}.Release|Any CPU.Build.0 = Release|Any CPU
		{8EB82813-EDAF-49C0-9C9C-D5FFDA73C336}.Debug|Any CPU.ActiveCfg = Debug|Any CPU
		{8EB82813-EDAF-49C0-9C9C-D5FFDA73C336}.Debug|Any CPU.Build.0 = Debug|Any CPU
		{8EB82813-EDAF-49C0-9C9C-D5FFDA73C336}.Release|Any CPU.ActiveCfg = Release|Any CPU
		{8EB82813-EDAF-49C0-9C9C-D5FFDA73C336}.Release|Any CPU.Build.0 = Release|Any CPU
		{B6C2F3E6-1E85-4D2E-ADCD-8BF85BEBB9A9}.Debug|Any CPU.ActiveCfg = Debug|Any CPU
		{B6C2F3E6-1E85-4D2E-ADCD-8BF85BEBB9A9}.Debug|Any CPU.Build.0 = Debug|Any CPU
		{B6C2F3E6-1E85-4D2E-ADCD-8BF85BEBB9A9}.Release|Any CPU.ActiveCfg = Release|Any CPU
		{B6C2F3E6-1E85-4D2E-ADCD-8BF85BEBB9A9}.Release|Any CPU.Build.0 = Release|Any CPU
		{CEE4BE27-D782-4266-BAC0-8645263310CC}.Debug|Any CPU.ActiveCfg = Debug|Any CPU
		{CEE4BE27-D782-4266-BAC0-8645263310CC}.Debug|Any CPU.Build.0 = Debug|Any CPU
		{CEE4BE27-D782-4266-BAC0-8645263310CC}.Release|Any CPU.ActiveCfg = Release|Any CPU
		{CEE4BE27-D782-4266-BAC0-8645263310CC}.Release|Any CPU.Build.0 = Release|Any CPU
		{55D1E4A8-767E-4666-ACCF-BEC8114D1C08}.Debug|Any CPU.ActiveCfg = Debug|Any CPU
		{55D1E4A8-767E-4666-ACCF-BEC8114D1C08}.Debug|Any CPU.Build.0 = Debug|Any CPU
		{55D1E4A8-767E-4666-ACCF-BEC8114D1C08}.Release|Any CPU.ActiveCfg = Release|Any CPU
		{55D1E4A8-767E-4666-ACCF-BEC8114D1C08}.Release|Any CPU.Build.0 = Release|Any CPU
		{542E102A-D571-4E59-9EBE-BB8BCBB15C0D}.Debug|Any CPU.ActiveCfg = Debug|Any CPU
		{542E102A-D571-4E59-9EBE-BB8BCBB15C0D}.Debug|Any CPU.Build.0 = Debug|Any CPU
		{542E102A-D571-4E59-9EBE-BB8BCBB15C0D}.Release|Any CPU.ActiveCfg = Release|Any CPU
		{542E102A-D571-4E59-9EBE-BB8BCBB15C0D}.Release|Any CPU.Build.0 = Release|Any CPU
		{0E7F6CF6-540E-43A0-A159-C38795FE3EAF}.Debug|Any CPU.ActiveCfg = Debug|Any CPU
		{0E7F6CF6-540E-43A0-A159-C38795FE3EAF}.Debug|Any CPU.Build.0 = Debug|Any CPU
		{0E7F6CF6-540E-43A0-A159-C38795FE3EAF}.Release|Any CPU.ActiveCfg = Release|Any CPU
		{0E7F6CF6-540E-43A0-A159-C38795FE3EAF}.Release|Any CPU.Build.0 = Release|Any CPU
		{1917DA43-E157-47CE-9BAB-56E168122124}.Debug|Any CPU.ActiveCfg = Debug|Any CPU
		{1917DA43-E157-47CE-9BAB-56E168122124}.Debug|Any CPU.Build.0 = Debug|Any CPU
		{1917DA43-E157-47CE-9BAB-56E168122124}.Release|Any CPU.ActiveCfg = Release|Any CPU
		{1917DA43-E157-47CE-9BAB-56E168122124}.Release|Any CPU.Build.0 = Release|Any CPU
		{A5051EEC-D8F4-4198-9487-4D4A16420364}.Debug|Any CPU.ActiveCfg = Debug|Any CPU
		{A5051EEC-D8F4-4198-9487-4D4A16420364}.Debug|Any CPU.Build.0 = Debug|Any CPU
		{A5051EEC-D8F4-4198-9487-4D4A16420364}.Release|Any CPU.ActiveCfg = Release|Any CPU
		{A5051EEC-D8F4-4198-9487-4D4A16420364}.Release|Any CPU.Build.0 = Release|Any CPU
		{C89269B8-D674-4AE2-9CDD-DE3013668DD5}.Debug|Any CPU.ActiveCfg = Debug|Any CPU
		{C89269B8-D674-4AE2-9CDD-DE3013668DD5}.Debug|Any CPU.Build.0 = Debug|Any CPU
		{C89269B8-D674-4AE2-9CDD-DE3013668DD5}.Release|Any CPU.ActiveCfg = Release|Any CPU
		{C89269B8-D674-4AE2-9CDD-DE3013668DD5}.Release|Any CPU.Build.0 = Release|Any CPU
		{99545435-413F-4189-A550-5ED072BCF9F6}.Debug|Any CPU.ActiveCfg = Debug|Any CPU
		{99545435-413F-4189-A550-5ED072BCF9F6}.Debug|Any CPU.Build.0 = Debug|Any CPU
		{99545435-413F-4189-A550-5ED072BCF9F6}.Release|Any CPU.ActiveCfg = Release|Any CPU
		{99545435-413F-4189-A550-5ED072BCF9F6}.Release|Any CPU.Build.0 = Release|Any CPU
		{54BE44AB-EB8F-4E37-8C58-A7EDE7B90C61}.Debug|Any CPU.ActiveCfg = Debug|Any CPU
		{54BE44AB-EB8F-4E37-8C58-A7EDE7B90C61}.Debug|Any CPU.Build.0 = Debug|Any CPU
		{54BE44AB-EB8F-4E37-8C58-A7EDE7B90C61}.Release|Any CPU.ActiveCfg = Release|Any CPU
		{54BE44AB-EB8F-4E37-8C58-A7EDE7B90C61}.Release|Any CPU.Build.0 = Release|Any CPU
		{E1E35190-D6B0-471D-9A2E-A9922533591B}.Debug|Any CPU.ActiveCfg = Debug|Any CPU
		{E1E35190-D6B0-471D-9A2E-A9922533591B}.Debug|Any CPU.Build.0 = Debug|Any CPU
		{E1E35190-D6B0-471D-9A2E-A9922533591B}.Release|Any CPU.ActiveCfg = Release|Any CPU
		{E1E35190-D6B0-471D-9A2E-A9922533591B}.Release|Any CPU.Build.0 = Release|Any CPU
		{197136B8-7FF2-46DE-9207-2FBC53DE9B9F}.Debug|Any CPU.ActiveCfg = Debug|Any CPU
		{197136B8-7FF2-46DE-9207-2FBC53DE9B9F}.Debug|Any CPU.Build.0 = Debug|Any CPU
		{197136B8-7FF2-46DE-9207-2FBC53DE9B9F}.Release|Any CPU.ActiveCfg = Release|Any CPU
		{197136B8-7FF2-46DE-9207-2FBC53DE9B9F}.Release|Any CPU.Build.0 = Release|Any CPU
		{53E95A71-E0D6-4D04-A9D9-2F13B5065C35}.Debug|Any CPU.ActiveCfg = Debug|Any CPU
		{53E95A71-E0D6-4D04-A9D9-2F13B5065C35}.Debug|Any CPU.Build.0 = Debug|Any CPU
		{53E95A71-E0D6-4D04-A9D9-2F13B5065C35}.Release|Any CPU.ActiveCfg = Release|Any CPU
		{53E95A71-E0D6-4D04-A9D9-2F13B5065C35}.Release|Any CPU.Build.0 = Release|Any CPU
		{8FFB1862-4994-4066-B7BC-4EB53E5ED836}.Debug|Any CPU.ActiveCfg = Debug|Any CPU
		{8FFB1862-4994-4066-B7BC-4EB53E5ED836}.Debug|Any CPU.Build.0 = Debug|Any CPU
		{8FFB1862-4994-4066-B7BC-4EB53E5ED836}.Release|Any CPU.ActiveCfg = Release|Any CPU
		{8FFB1862-4994-4066-B7BC-4EB53E5ED836}.Release|Any CPU.Build.0 = Release|Any CPU
		{9476DA99-7019-4218-9561-7FE1ADF2FDF4}.Debug|Any CPU.ActiveCfg = Debug|Any CPU
		{9476DA99-7019-4218-9561-7FE1ADF2FDF4}.Debug|Any CPU.Build.0 = Debug|Any CPU
		{9476DA99-7019-4218-9561-7FE1ADF2FDF4}.Release|Any CPU.ActiveCfg = Release|Any CPU
		{9476DA99-7019-4218-9561-7FE1ADF2FDF4}.Release|Any CPU.Build.0 = Release|Any CPU
		{7C65D2A8-8342-4EF7-9A65-B7E43A82B1B8}.Debug|Any CPU.ActiveCfg = Debug|Any CPU
		{7C65D2A8-8342-4EF7-9A65-B7E43A82B1B8}.Debug|Any CPU.Build.0 = Debug|Any CPU
		{7C65D2A8-8342-4EF7-9A65-B7E43A82B1B8}.Release|Any CPU.ActiveCfg = Release|Any CPU
		{7C65D2A8-8342-4EF7-9A65-B7E43A82B1B8}.Release|Any CPU.Build.0 = Release|Any CPU
		{EF2DFB80-ADAD-44F2-B532-BCFE35D2AF59}.Debug|Any CPU.ActiveCfg = Debug|Any CPU
		{EF2DFB80-ADAD-44F2-B532-BCFE35D2AF59}.Debug|Any CPU.Build.0 = Debug|Any CPU
		{EF2DFB80-ADAD-44F2-B532-BCFE35D2AF59}.Release|Any CPU.ActiveCfg = Release|Any CPU
		{EF2DFB80-ADAD-44F2-B532-BCFE35D2AF59}.Release|Any CPU.Build.0 = Release|Any CPU
		{560314B1-EF21-4040-BF2E-F07F77482B39}.Debug|Any CPU.ActiveCfg = Debug|Any CPU
		{560314B1-EF21-4040-BF2E-F07F77482B39}.Debug|Any CPU.Build.0 = Debug|Any CPU
		{560314B1-EF21-4040-BF2E-F07F77482B39}.Release|Any CPU.ActiveCfg = Release|Any CPU
		{560314B1-EF21-4040-BF2E-F07F77482B39}.Release|Any CPU.Build.0 = Release|Any CPU
		{F5AA017E-ECF5-4067-BB9B-DFBF9E2131A5}.Debug|Any CPU.ActiveCfg = Debug|Any CPU
		{F5AA017E-ECF5-4067-BB9B-DFBF9E2131A5}.Debug|Any CPU.Build.0 = Debug|Any CPU
		{F5AA017E-ECF5-4067-BB9B-DFBF9E2131A5}.Release|Any CPU.ActiveCfg = Release|Any CPU
		{F5AA017E-ECF5-4067-BB9B-DFBF9E2131A5}.Release|Any CPU.Build.0 = Release|Any CPU
		{1D9CB984-2290-4F44-86A8-D08FADC2D275}.Debug|Any CPU.ActiveCfg = Debug|Any CPU
		{1D9CB984-2290-4F44-86A8-D08FADC2D275}.Debug|Any CPU.Build.0 = Debug|Any CPU
		{1D9CB984-2290-4F44-86A8-D08FADC2D275}.Release|Any CPU.ActiveCfg = Release|Any CPU
		{1D9CB984-2290-4F44-86A8-D08FADC2D275}.Release|Any CPU.Build.0 = Release|Any CPU
	EndGlobalSection
	GlobalSection(SolutionProperties) = preSolution
		HideSolutionNode = FALSE
	EndGlobalSection
	GlobalSection(NestedProjects) = preSolution
		{B8BC2E9E-F104-4AFE-87F0-BE27DF01D98B} = {597482D1-0F57-4E6B-BA00-DC9AAA34C08C}
		{66ACCF69-1DAD-48BD-AD95-42537EE4B5E8} = {6EE8D39D-C116-4CEB-8044-E4D2C029F896}
		{C72620E1-67FD-42CE-9674-546EC0825914} = {6EE8D39D-C116-4CEB-8044-E4D2C029F896}
		{E12F35D5-2635-4B4F-8627-8D6DCC749E32} = {6EE8D39D-C116-4CEB-8044-E4D2C029F896}
		{C234C873-78E9-481E-A616-963E69479218} = {6EE8D39D-C116-4CEB-8044-E4D2C029F896}
		{556CAC11-2D64-4B80-A95C-EFE0955876C2} = {6EE8D39D-C116-4CEB-8044-E4D2C029F896}
		{99648DAD-99D6-4235-9587-F4515C647E5C} = {6EE8D39D-C116-4CEB-8044-E4D2C029F896}
		{3A8AEB0F-00A3-44FC-8862-D720E5D28D6D} = {3EE56036-B9E6-40AE-80B4-F9B696EE669E}
		{37CB5232-069D-4C38-88E6-E87BDEAF9B8B} = {3D34E3E8-473F-4A0D-8262-AA1F6A5EDD33}
		{860531E8-2AC5-482A-9E2A-B25D6D2A106D} = {3D34E3E8-473F-4A0D-8262-AA1F6A5EDD33}
		{6E50CD21-BE1A-4DF0-897B-937E0E037752} = {3D34E3E8-473F-4A0D-8262-AA1F6A5EDD33}
		{60360512-B763-4EFD-952D-EB278BE3931C} = {3D34E3E8-473F-4A0D-8262-AA1F6A5EDD33}
		{3C3AF2A6-DBA2-43CD-89F3-B305D2B600E7} = {3D34E3E8-473F-4A0D-8262-AA1F6A5EDD33}
		{28DE27B8-6DF8-4124-BF9B-E8D67EB6F805} = {3D34E3E8-473F-4A0D-8262-AA1F6A5EDD33}
		{BF6E118A-5A81-4BF5-9071-F855FCDEA9FF} = {597482D1-0F57-4E6B-BA00-DC9AAA34C08C}
		{577D375A-601D-42F1-A060-CC9BBCF37FED} = {C4A18DF2-B6E6-4E39-BE62-5828FD6F41A3}
		{37574D74-CA63-4AEF-8E8C-E31F9D12871A} = {C4A18DF2-B6E6-4E39-BE62-5828FD6F41A3}
		{B7D5D78D-2C0E-4526-B498-5E17105848F1} = {55B54CC7-990A-4BCC-ABE9-59036DFC87C7}
		{8EB82813-EDAF-49C0-9C9C-D5FFDA73C336} = {55B54CC7-990A-4BCC-ABE9-59036DFC87C7}
		{B6C2F3E6-1E85-4D2E-ADCD-8BF85BEBB9A9} = {55B54CC7-990A-4BCC-ABE9-59036DFC87C7}
		{CEE4BE27-D782-4266-BAC0-8645263310CC} = {55B54CC7-990A-4BCC-ABE9-59036DFC87C7}
		{55D1E4A8-767E-4666-ACCF-BEC8114D1C08} = {99C36631-51E7-4C05-9744-04C8CD0C1EFA}
		{542E102A-D571-4E59-9EBE-BB8BCBB15C0D} = {51A45B31-9F54-4C01-A754-036F75299106}
		{0E7F6CF6-540E-43A0-A159-C38795FE3EAF} = {51A45B31-9F54-4C01-A754-036F75299106}
		{1917DA43-E157-47CE-9BAB-56E168122124} = {51A45B31-9F54-4C01-A754-036F75299106}
		{A5051EEC-D8F4-4198-9487-4D4A16420364} = {51A45B31-9F54-4C01-A754-036F75299106}
		{C89269B8-D674-4AE2-9CDD-DE3013668DD5} = {51A45B31-9F54-4C01-A754-036F75299106}
		{99545435-413F-4189-A550-5ED072BCF9F6} = {55B54CC7-990A-4BCC-ABE9-59036DFC87C7}
		{54BE44AB-EB8F-4E37-8C58-A7EDE7B90C61} = {55B54CC7-990A-4BCC-ABE9-59036DFC87C7}
		{4B360347-7D52-4F7E-89CD-43F324F16794} = {55B54CC7-990A-4BCC-ABE9-59036DFC87C7}
		{E1E35190-D6B0-471D-9A2E-A9922533591B} = {4B360347-7D52-4F7E-89CD-43F324F16794}
		{197136B8-7FF2-46DE-9207-2FBC53DE9B9F} = {4B360347-7D52-4F7E-89CD-43F324F16794}
		{53E95A71-E0D6-4D04-A9D9-2F13B5065C35} = {4B360347-7D52-4F7E-89CD-43F324F16794}
		{8FFB1862-4994-4066-B7BC-4EB53E5ED836} = {4B360347-7D52-4F7E-89CD-43F324F16794}
		{9476DA99-7019-4218-9561-7FE1ADF2FDF4} = {55B54CC7-990A-4BCC-ABE9-59036DFC87C7}
		{7C65D2A8-8342-4EF7-9A65-B7E43A82B1B8} = {55B54CC7-990A-4BCC-ABE9-59036DFC87C7}
		{EF2DFB80-ADAD-44F2-B532-BCFE35D2AF59} = {597482D1-0F57-4E6B-BA00-DC9AAA34C08C}
		{560314B1-EF21-4040-BF2E-F07F77482B39} = {597482D1-0F57-4E6B-BA00-DC9AAA34C08C}
		{F5AA017E-ECF5-4067-BB9B-DFBF9E2131A5} = {85719334-2764-4F42-B559-135D408E858C}
		{1D9CB984-2290-4F44-86A8-D08FADC2D275} = {85719334-2764-4F42-B559-135D408E858C}
		{99C36631-51E7-4C05-9744-04C8CD0C1EFA} = {55B54CC7-990A-4BCC-ABE9-59036DFC87C7}
		{51A45B31-9F54-4C01-A754-036F75299106} = {55B54CC7-990A-4BCC-ABE9-59036DFC87C7}
	EndGlobalSection
	GlobalSection(ExtensibilityGlobals) = postSolution
		SolutionGuid = {CBD5DC7E-69BD-4D19-BF77-2783C2B33DF9}
	EndGlobalSection
EndGlobal
