
Microsoft Visual Studio Solution File, Format Version 12.00
# Visual Studio Version 17
VisualStudioVersion = 17.3.32825.248
MinimumVisualStudioVersion = 10.0.40219.1
Project("{9A19103F-16F7-4668-BE54-9A1E7A4F7556}") = "AdventureWorks.Purchasing", "AdventureWorks.Purchasing\AdventureWorks.Purchasing.csproj", "{762DF0A6-4D1D-4CC7-8880-8F93A954D5FB}"
EndProject
Project("{9A19103F-16F7-4668-BE54-9A1E7A4F7556}") = "AdventureWorks", "..\AdventureWorks\AdventureWorks\AdventureWorks.csproj", "{FDA708F7-F972-45DD-AC09-D6DF621FA3B8}"
EndProject
Project("{2150E333-8FDC-42A3-9474-1A3956D46DE8}") = "ソリューション項目", "ソリューション項目", "{1C3A7512-F795-4997-9D84-525A15AC1711}"
	ProjectSection(SolutionItems) = preProject
		..\Directory.Build.props = ..\Directory.Build.props
		..\Directory.Build.targets = ..\Directory.Build.targets
		..\..\.github\workflows\dotnet-desktop.yml = ..\..\.github\workflows\dotnet-desktop.yml
	EndProjectSection
EndProject
Project("{9A19103F-16F7-4668-BE54-9A1E7A4F7556}") = "AdventureWorks.Purchasing.View", "AdventureWorks.Purchasing.View\AdventureWorks.Purchasing.View.csproj", "{6348F16E-F36D-4D2D-96C0-8A35D01E45D7}"
EndProject
Project("{9A19103F-16F7-4668-BE54-9A1E7A4F7556}") = "AdventureWorks.Purchasing.ViewModel", "AdventureWorks.Purchasing.ViewModel\AdventureWorks.Purchasing.ViewModel.csproj", "{5FB539F4-CBBD-48F5-864C-F2192C22AE5A}"
EndProject
Project("{2150E333-8FDC-42A3-9474-1A3956D46DE8}") = "AdventureWorks", "AdventureWorks", "{A1E6E7B0-852E-4B89-94D9-14DAAD1DB6A1}"
EndProject
Project("{9A19103F-16F7-4668-BE54-9A1E7A4F7556}") = "AdventureWorks.Database", "..\AdventureWorks\AdventureWorks.Database\AdventureWorks.Database.csproj", "{8B4841A0-C2F9-490E-8B63-FD3C85F10774}"
EndProject
Project("{9A19103F-16F7-4668-BE54-9A1E7A4F7556}") = "AdventureWorks.Authentication", "..\AdventureWorks.Authentication\AdventureWorks.Authentication\AdventureWorks.Authentication.csproj", "{DC22EB30-E9C0-440A-A4CC-5562F68BE91C}"
EndProject
Project("{2150E333-8FDC-42A3-9474-1A3956D46DE8}") = "AdventureWorks.Authentication", "AdventureWorks.Authentication", "{71082F78-D494-41D9-8165-30FA1A4A51A6}"
EndProject
Project("{9A19103F-16F7-4668-BE54-9A1E7A4F7556}") = "AdventureWorks.MagicOnion", "..\AdventureWorks\AdventureWorks.MagicOnion\AdventureWorks.MagicOnion.csproj", "{CC5BAD6C-1E62-4A3C-8515-8AE0D43D48AD}"
EndProject
Project("{9A19103F-16F7-4668-BE54-9A1E7A4F7556}") = "AdventureWorks.Purchasing.MagicOnion", "AdventureWorks.Purchasing.MagicOnion\AdventureWorks.Purchasing.MagicOnion.csproj", "{EA61D00D-4CA6-4F8D-B7D6-7B313A84D495}"
EndProject
Project("{9A19103F-16F7-4668-BE54-9A1E7A4F7556}") = "AdventureWorks.Purchasing.MagicOnion.Server", "AdventureWorks.Purchasing.MagicOnion.Server\AdventureWorks.Purchasing.MagicOnion.Server.csproj", "{3B43FDA8-96D2-4C79-BAEC-D568C1F894BA}"
EndProject
Project("{9A19103F-16F7-4668-BE54-9A1E7A4F7556}") = "AdventureWorks.System", "..\AdventureWorks\AdventureWorks.System\AdventureWorks.System.csproj", "{6C230923-40EA-4326-AF9E-D16A6F0A0433}"
EndProject
Project("{9A19103F-16F7-4668-BE54-9A1E7A4F7556}") = "AdventureWorks.Wpf.ViewModel", "..\AdventureWorks\AdventureWorks.Wpf.ViewModel\AdventureWorks.Wpf.ViewModel.csproj", "{ACEA5E55-C241-4415-AD53-B63F1D6E1AA9}"
EndProject
Project("{9A19103F-16F7-4668-BE54-9A1E7A4F7556}") = "AdventureWorks.Wpf.View", "..\AdventureWorks\AdventureWorks.Wpf.View\AdventureWorks.Wpf.View.csproj", "{31DCD9B2-F890-47C8-A6CA-4C644DB74221}"
EndProject
Project("{9A19103F-16F7-4668-BE54-9A1E7A4F7556}") = "AdventureWorks.Hosting", "..\AdventureWorks\AdventureWorks.Hosting\AdventureWorks.Hosting.csproj", "{17F44C38-FC70-4031-AB23-9C1BDB8F16A3}"
EndProject
Project("{9A19103F-16F7-4668-BE54-9A1E7A4F7556}") = "AdventureWorks.Purchasing.SqlServer", "AdventureWorks.Purchasing.SqlServer\AdventureWorks.Purchasing.SqlServer.csproj", "{6C23C813-355E-4A33-87F2-28E6F923974C}"
EndProject
Project("{9A19103F-16F7-4668-BE54-9A1E7A4F7556}") = "AdventureWorks.SqlServer", "..\AdventureWorks\AdventureWorks.SqlServer\AdventureWorks.SqlServer.csproj", "{62236D4A-9C87-4097-A323-C389B913383E}"
EndProject
Project("{9A19103F-16F7-4668-BE54-9A1E7A4F7556}") = "Scenario", "AdventureWorks.Purchasing.View.Test\Scenario\Scenario.csproj", "{01BB62EA-4814-4D6C-B07C-E41BB1A3D5EB}"
EndProject
Project("{9A19103F-16F7-4668-BE54-9A1E7A4F7556}") = "Driver", "AdventureWorks.Purchasing.View.Test\Driver\Driver.csproj", "{1642B49E-6777-4B27-A939-EEBC26C94273}"
EndProject
Project("{9A19103F-16F7-4668-BE54-9A1E7A4F7556}") = "Driver.InTarget", "AdventureWorks.Purchasing.View.Test\Driver.InTarget\Driver.InTarget.csproj", "{2D0FCAD9-7F58-40C2-B188-24DE8DAE7246}"
EndProject
Project("{2150E333-8FDC-42A3-9474-1A3956D46DE8}") = "AdventureWorks.Purchasing.View.Test", "AdventureWorks.Purchasing.View.Test", "{47101E0D-7FDA-42B0-A7A1-57E1576C51E9}"
EndProject
Project("{9A19103F-16F7-4668-BE54-9A1E7A4F7556}") = "AdventureWorks.Purchasing.App.Driver", "AdventureWorks.Purchasing.View.Test\AdventureWorks.Purchasing.App.Driver\AdventureWorks.Purchasing.App.Driver.csproj", "{CF11522C-0CB6-46D2-9502-0B10C0F8FCD0}"
EndProject
Project("{2150E333-8FDC-42A3-9474-1A3956D46DE8}") = "AdventureWorks.Purchasing.RePurchasing", "AdventureWorks.Purchasing.RePurchasing", "{8BD915C2-188B-4698-A8A3-B3BD38C4D514}"
EndProject
Project("{9A19103F-16F7-4668-BE54-9A1E7A4F7556}") = "AdventureWorks.Purchasing.RePurchasing", "AdventureWorks.Purchasing.RePurchasing\AdventureWorks.Purchasing.RePurchasing.csproj", "{49443D19-2EF9-46DB-AFBB-33F424F08E56}"
EndProject
Project("{9A19103F-16F7-4668-BE54-9A1E7A4F7556}") = "AdventureWorks.Purchasing.RePurchasing.MagicOnion.Server", "AdventureWorks.Purchasing.RePurchasing.MagicOnion.Server\AdventureWorks.Purchasing.RePurchasing.MagicOnion.Server.csproj", "{70A71954-8812-406B-B580-4816CE7B41DC}"
EndProject
Project("{9A19103F-16F7-4668-BE54-9A1E7A4F7556}") = "AdventureWorks.Purchasing.RePurchasing.SqlServer", "AdventureWorks.Purchasing.RePurchasing.SqlServer\AdventureWorks.Purchasing.RePurchasing.SqlServer.csproj", "{AB8A2077-34D9-462F-894F-DD59742A4DEC}"
EndProject
Project("{9A19103F-16F7-4668-BE54-9A1E7A4F7556}") = "AdventureWorks.Purchasing.RePurchasing.ViewModel", "AdventureWorks.Purchasing.RePurchasing.ViewModel\AdventureWorks.Purchasing.RePurchasing.ViewModel.csproj", "{5CD8A1AC-3303-4B6A-895C-E0944B49DBC4}"
EndProject
Project("{9A19103F-16F7-4668-BE54-9A1E7A4F7556}") = "AdventureWorks.Purchasing.Menu.ViewModel", "AdventureWorks.Purchasing.Menu.ViewModel\AdventureWorks.Purchasing.Menu.ViewModel.csproj", "{6AA73790-0476-4E2A-89AC-296997ACC0AC}"
EndProject
Project("{2150E333-8FDC-42A3-9474-1A3956D46DE8}") = "AdventureWorks.Purchasing", "AdventureWorks.Purchasing", "{3A6CD4B1-C552-4B66-A6B4-516946CE40D8}"
EndProject
Project("{2150E333-8FDC-42A3-9474-1A3956D46DE8}") = "AdventureWorks.Purchasing.Menu", "AdventureWorks.Purchasing.Menu", "{67E8835B-E8D9-43BC-A261-2817C54F439D}"
EndProject
Project("{9A19103F-16F7-4668-BE54-9A1E7A4F7556}") = "AdventureWorks.Purchasing.Wpf", "AdventureWorks.Purchasing.Wpf\AdventureWorks.Purchasing.Wpf.csproj", "{56A43103-7840-4221-BB6D-AEF822C0DBAA}"
EndProject
Project("{9A19103F-16F7-4668-BE54-9A1E7A4F7556}") = "AdventureWorks.Purchasing.AspNetCore", "AdventureWorks.Purchasing.AspNetCore\AdventureWorks.Purchasing.AspNetCore.csproj", "{96648F07-77FA-4F85-AB2A-DAC5BF549804}"
EndProject
Project("{9A19103F-16F7-4668-BE54-9A1E7A4F7556}") = "AdventureWorks.Purchasing.RePurchasing.MagicOnion", "AdventureWorks.Purchasing.RePurchasing.MagicOnion\AdventureWorks.Purchasing.RePurchasing.MagicOnion.csproj", "{498CEA4F-08AD-4E52-B74E-B34A293FE08C}"
EndProject
Project("{9A19103F-16F7-4668-BE54-9A1E7A4F7556}") = "AdventureWorks.Authentication.Jwt", "..\AdventureWorks.Authentication\AdventureWorks.Authentication.Jwt\AdventureWorks.Authentication.Jwt.csproj", "{D302F172-52CC-4642-84BC-54CEB7DAB9FD}"
EndProject
Project("{9A19103F-16F7-4668-BE54-9A1E7A4F7556}") = "AdventureWorks.Authentication.Hosting.Rest", "..\AdventureWorks.Authentication\AdventureWorks.Authentication.Hosting.Rest\AdventureWorks.Authentication.Hosting.Rest.csproj", "{53FB43DD-6174-490B-B190-00E1DCC92906}"
EndProject
Project("{9A19103F-16F7-4668-BE54-9A1E7A4F7556}") = "AdventureWorks.Authentication.Jwt.Rest", "..\AdventureWorks.Authentication\AdventureWorks.Authentication.Jwt.Rest\AdventureWorks.Authentication.Jwt.Rest.csproj", "{5E9495DE-B65A-458C-A3A3-10F1BCD791A6}"
EndProject
Project("{9A19103F-16F7-4668-BE54-9A1E7A4F7556}") = "AdventureWorks.Authentication.Jwt.Rest.Server", "..\AdventureWorks.Authentication\AdventureWorks.Authentication.Jwt.Rest.Server\AdventureWorks.Authentication.Jwt.Rest.Server.csproj", "{C1CB2C51-8D56-4424-9D1A-CD9D081266D9}"
EndProject
Project("{9A19103F-16F7-4668-BE54-9A1E7A4F7556}") = "AdventureWorks.Authentication.Jwt.MagicOnion.Server", "..\AdventureWorks.Authentication\AdventureWorks.Authentication.Jwt.MagicOnion.Server\AdventureWorks.Authentication.Jwt.MagicOnion.Server.csproj", "{E438FDC5-6058-480A-9799-27FFE2FFBF32}"
EndProject
Project("{9A19103F-16F7-4668-BE54-9A1E7A4F7556}") = "AdventureWorks.Hosting.AspNetCore", "..\AdventureWorks\AdventureWorks.Hosting.AspNetCore\AdventureWorks.Hosting.AspNetCore.csproj", "{3F2F0C2F-351B-4371-B6B4-A1E213A3F598}"
EndProject
Project("{9A19103F-16F7-4668-BE54-9A1E7A4F7556}") = "AdventureWorks.Hosting.MagicOnion", "..\AdventureWorks\AdventureWorks.Hosting.MagicOnion\AdventureWorks.Hosting.MagicOnion.csproj", "{1A830C38-CD88-43AD-9453-F3CC5C6FE388}"
EndProject
Project("{9A19103F-16F7-4668-BE54-9A1E7A4F7556}") = "AdventureWorks.Hosting.MagicOnion.Server", "..\AdventureWorks\AdventureWorks.Hosting.MagicOnion.Server\AdventureWorks.Hosting.MagicOnion.Server.csproj", "{DACB8CF7-7DD3-4D8E-A891-9D8BD2A64DCC}"
EndProject
Project("{9A19103F-16F7-4668-BE54-9A1E7A4F7556}") = "AdventureWorks.Hosting.Wpf", "..\AdventureWorks\AdventureWorks.Hosting.Wpf\AdventureWorks.Hosting.Wpf.csproj", "{B89ACF77-C084-47AD-B767-F3EE98A82855}"
EndProject
Project("{9A19103F-16F7-4668-BE54-9A1E7A4F7556}") = "AdventureWorks.Hosting.Rest", "..\AdventureWorks\AdventureWorks.Hosting.Rest\AdventureWorks.Hosting.Rest.csproj", "{46764A0A-B665-4FBB-BAE5-059262B4B32C}"
EndProject
Global
	GlobalSection(SolutionConfigurationPlatforms) = preSolution
		Debug|Any CPU = Debug|Any CPU
		Release|Any CPU = Release|Any CPU
	EndGlobalSection
	GlobalSection(ProjectConfigurationPlatforms) = postSolution
		{762DF0A6-4D1D-4CC7-8880-8F93A954D5FB}.Debug|Any CPU.ActiveCfg = Debug|Any CPU
		{762DF0A6-4D1D-4CC7-8880-8F93A954D5FB}.Debug|Any CPU.Build.0 = Debug|Any CPU
		{762DF0A6-4D1D-4CC7-8880-8F93A954D5FB}.Release|Any CPU.ActiveCfg = Release|Any CPU
		{762DF0A6-4D1D-4CC7-8880-8F93A954D5FB}.Release|Any CPU.Build.0 = Release|Any CPU
		{FDA708F7-F972-45DD-AC09-D6DF621FA3B8}.Debug|Any CPU.ActiveCfg = Debug|Any CPU
		{FDA708F7-F972-45DD-AC09-D6DF621FA3B8}.Debug|Any CPU.Build.0 = Debug|Any CPU
		{FDA708F7-F972-45DD-AC09-D6DF621FA3B8}.Release|Any CPU.ActiveCfg = Release|Any CPU
		{FDA708F7-F972-45DD-AC09-D6DF621FA3B8}.Release|Any CPU.Build.0 = Release|Any CPU
		{6348F16E-F36D-4D2D-96C0-8A35D01E45D7}.Debug|Any CPU.ActiveCfg = Debug|Any CPU
		{6348F16E-F36D-4D2D-96C0-8A35D01E45D7}.Debug|Any CPU.Build.0 = Debug|Any CPU
		{6348F16E-F36D-4D2D-96C0-8A35D01E45D7}.Release|Any CPU.ActiveCfg = Release|Any CPU
		{6348F16E-F36D-4D2D-96C0-8A35D01E45D7}.Release|Any CPU.Build.0 = Release|Any CPU
		{5FB539F4-CBBD-48F5-864C-F2192C22AE5A}.Debug|Any CPU.ActiveCfg = Debug|Any CPU
		{5FB539F4-CBBD-48F5-864C-F2192C22AE5A}.Debug|Any CPU.Build.0 = Debug|Any CPU
		{5FB539F4-CBBD-48F5-864C-F2192C22AE5A}.Release|Any CPU.ActiveCfg = Release|Any CPU
		{5FB539F4-CBBD-48F5-864C-F2192C22AE5A}.Release|Any CPU.Build.0 = Release|Any CPU
		{8B4841A0-C2F9-490E-8B63-FD3C85F10774}.Debug|Any CPU.ActiveCfg = Debug|Any CPU
		{8B4841A0-C2F9-490E-8B63-FD3C85F10774}.Debug|Any CPU.Build.0 = Debug|Any CPU
		{8B4841A0-C2F9-490E-8B63-FD3C85F10774}.Release|Any CPU.ActiveCfg = Release|Any CPU
		{8B4841A0-C2F9-490E-8B63-FD3C85F10774}.Release|Any CPU.Build.0 = Release|Any CPU
		{DC22EB30-E9C0-440A-A4CC-5562F68BE91C}.Debug|Any CPU.ActiveCfg = Debug|Any CPU
		{DC22EB30-E9C0-440A-A4CC-5562F68BE91C}.Debug|Any CPU.Build.0 = Debug|Any CPU
		{DC22EB30-E9C0-440A-A4CC-5562F68BE91C}.Release|Any CPU.ActiveCfg = Release|Any CPU
		{DC22EB30-E9C0-440A-A4CC-5562F68BE91C}.Release|Any CPU.Build.0 = Release|Any CPU
		{CC5BAD6C-1E62-4A3C-8515-8AE0D43D48AD}.Debug|Any CPU.ActiveCfg = Debug|Any CPU
		{CC5BAD6C-1E62-4A3C-8515-8AE0D43D48AD}.Debug|Any CPU.Build.0 = Debug|Any CPU
		{CC5BAD6C-1E62-4A3C-8515-8AE0D43D48AD}.Release|Any CPU.ActiveCfg = Release|Any CPU
		{CC5BAD6C-1E62-4A3C-8515-8AE0D43D48AD}.Release|Any CPU.Build.0 = Release|Any CPU
		{EA61D00D-4CA6-4F8D-B7D6-7B313A84D495}.Debug|Any CPU.ActiveCfg = Debug|Any CPU
		{EA61D00D-4CA6-4F8D-B7D6-7B313A84D495}.Debug|Any CPU.Build.0 = Debug|Any CPU
		{EA61D00D-4CA6-4F8D-B7D6-7B313A84D495}.Release|Any CPU.ActiveCfg = Release|Any CPU
		{EA61D00D-4CA6-4F8D-B7D6-7B313A84D495}.Release|Any CPU.Build.0 = Release|Any CPU
		{3B43FDA8-96D2-4C79-BAEC-D568C1F894BA}.Debug|Any CPU.ActiveCfg = Debug|Any CPU
		{3B43FDA8-96D2-4C79-BAEC-D568C1F894BA}.Debug|Any CPU.Build.0 = Debug|Any CPU
		{3B43FDA8-96D2-4C79-BAEC-D568C1F894BA}.Release|Any CPU.ActiveCfg = Release|Any CPU
		{3B43FDA8-96D2-4C79-BAEC-D568C1F894BA}.Release|Any CPU.Build.0 = Release|Any CPU
		{6C230923-40EA-4326-AF9E-D16A6F0A0433}.Debug|Any CPU.ActiveCfg = Debug|Any CPU
		{6C230923-40EA-4326-AF9E-D16A6F0A0433}.Debug|Any CPU.Build.0 = Debug|Any CPU
		{6C230923-40EA-4326-AF9E-D16A6F0A0433}.Release|Any CPU.ActiveCfg = Release|Any CPU
		{6C230923-40EA-4326-AF9E-D16A6F0A0433}.Release|Any CPU.Build.0 = Release|Any CPU
		{ACEA5E55-C241-4415-AD53-B63F1D6E1AA9}.Debug|Any CPU.ActiveCfg = Debug|Any CPU
		{ACEA5E55-C241-4415-AD53-B63F1D6E1AA9}.Debug|Any CPU.Build.0 = Debug|Any CPU
		{ACEA5E55-C241-4415-AD53-B63F1D6E1AA9}.Release|Any CPU.ActiveCfg = Release|Any CPU
		{ACEA5E55-C241-4415-AD53-B63F1D6E1AA9}.Release|Any CPU.Build.0 = Release|Any CPU
		{31DCD9B2-F890-47C8-A6CA-4C644DB74221}.Debug|Any CPU.ActiveCfg = Debug|Any CPU
		{31DCD9B2-F890-47C8-A6CA-4C644DB74221}.Debug|Any CPU.Build.0 = Debug|Any CPU
		{31DCD9B2-F890-47C8-A6CA-4C644DB74221}.Release|Any CPU.ActiveCfg = Release|Any CPU
		{31DCD9B2-F890-47C8-A6CA-4C644DB74221}.Release|Any CPU.Build.0 = Release|Any CPU
		{17F44C38-FC70-4031-AB23-9C1BDB8F16A3}.Debug|Any CPU.ActiveCfg = Debug|Any CPU
		{17F44C38-FC70-4031-AB23-9C1BDB8F16A3}.Debug|Any CPU.Build.0 = Debug|Any CPU
		{17F44C38-FC70-4031-AB23-9C1BDB8F16A3}.Release|Any CPU.ActiveCfg = Release|Any CPU
		{17F44C38-FC70-4031-AB23-9C1BDB8F16A3}.Release|Any CPU.Build.0 = Release|Any CPU
		{6C23C813-355E-4A33-87F2-28E6F923974C}.Debug|Any CPU.ActiveCfg = Debug|Any CPU
		{6C23C813-355E-4A33-87F2-28E6F923974C}.Debug|Any CPU.Build.0 = Debug|Any CPU
		{6C23C813-355E-4A33-87F2-28E6F923974C}.Release|Any CPU.ActiveCfg = Release|Any CPU
		{6C23C813-355E-4A33-87F2-28E6F923974C}.Release|Any CPU.Build.0 = Release|Any CPU
		{62236D4A-9C87-4097-A323-C389B913383E}.Debug|Any CPU.ActiveCfg = Debug|Any CPU
		{62236D4A-9C87-4097-A323-C389B913383E}.Debug|Any CPU.Build.0 = Debug|Any CPU
		{62236D4A-9C87-4097-A323-C389B913383E}.Release|Any CPU.ActiveCfg = Release|Any CPU
		{62236D4A-9C87-4097-A323-C389B913383E}.Release|Any CPU.Build.0 = Release|Any CPU
		{01BB62EA-4814-4D6C-B07C-E41BB1A3D5EB}.Debug|Any CPU.ActiveCfg = Debug|Any CPU
		{01BB62EA-4814-4D6C-B07C-E41BB1A3D5EB}.Debug|Any CPU.Build.0 = Debug|Any CPU
		{01BB62EA-4814-4D6C-B07C-E41BB1A3D5EB}.Release|Any CPU.ActiveCfg = Release|Any CPU
		{01BB62EA-4814-4D6C-B07C-E41BB1A3D5EB}.Release|Any CPU.Build.0 = Release|Any CPU
		{1642B49E-6777-4B27-A939-EEBC26C94273}.Debug|Any CPU.ActiveCfg = Debug|Any CPU
		{1642B49E-6777-4B27-A939-EEBC26C94273}.Debug|Any CPU.Build.0 = Debug|Any CPU
		{1642B49E-6777-4B27-A939-EEBC26C94273}.Release|Any CPU.ActiveCfg = Release|Any CPU
		{1642B49E-6777-4B27-A939-EEBC26C94273}.Release|Any CPU.Build.0 = Release|Any CPU
		{2D0FCAD9-7F58-40C2-B188-24DE8DAE7246}.Debug|Any CPU.ActiveCfg = Debug|Any CPU
		{2D0FCAD9-7F58-40C2-B188-24DE8DAE7246}.Debug|Any CPU.Build.0 = Debug|Any CPU
		{2D0FCAD9-7F58-40C2-B188-24DE8DAE7246}.Release|Any CPU.ActiveCfg = Release|Any CPU
		{2D0FCAD9-7F58-40C2-B188-24DE8DAE7246}.Release|Any CPU.Build.0 = Release|Any CPU
		{CF11522C-0CB6-46D2-9502-0B10C0F8FCD0}.Debug|Any CPU.ActiveCfg = Debug|Any CPU
		{CF11522C-0CB6-46D2-9502-0B10C0F8FCD0}.Debug|Any CPU.Build.0 = Debug|Any CPU
		{CF11522C-0CB6-46D2-9502-0B10C0F8FCD0}.Release|Any CPU.ActiveCfg = Release|Any CPU
		{CF11522C-0CB6-46D2-9502-0B10C0F8FCD0}.Release|Any CPU.Build.0 = Release|Any CPU
		{49443D19-2EF9-46DB-AFBB-33F424F08E56}.Debug|Any CPU.ActiveCfg = Debug|Any CPU
		{49443D19-2EF9-46DB-AFBB-33F424F08E56}.Debug|Any CPU.Build.0 = Debug|Any CPU
		{49443D19-2EF9-46DB-AFBB-33F424F08E56}.Release|Any CPU.ActiveCfg = Release|Any CPU
		{49443D19-2EF9-46DB-AFBB-33F424F08E56}.Release|Any CPU.Build.0 = Release|Any CPU
		{70A71954-8812-406B-B580-4816CE7B41DC}.Debug|Any CPU.ActiveCfg = Debug|Any CPU
		{70A71954-8812-406B-B580-4816CE7B41DC}.Debug|Any CPU.Build.0 = Debug|Any CPU
		{70A71954-8812-406B-B580-4816CE7B41DC}.Release|Any CPU.ActiveCfg = Release|Any CPU
		{70A71954-8812-406B-B580-4816CE7B41DC}.Release|Any CPU.Build.0 = Release|Any CPU
		{AB8A2077-34D9-462F-894F-DD59742A4DEC}.Debug|Any CPU.ActiveCfg = Debug|Any CPU
		{AB8A2077-34D9-462F-894F-DD59742A4DEC}.Debug|Any CPU.Build.0 = Debug|Any CPU
		{AB8A2077-34D9-462F-894F-DD59742A4DEC}.Release|Any CPU.ActiveCfg = Release|Any CPU
		{AB8A2077-34D9-462F-894F-DD59742A4DEC}.Release|Any CPU.Build.0 = Release|Any CPU
		{5CD8A1AC-3303-4B6A-895C-E0944B49DBC4}.Debug|Any CPU.ActiveCfg = Debug|Any CPU
		{5CD8A1AC-3303-4B6A-895C-E0944B49DBC4}.Debug|Any CPU.Build.0 = Debug|Any CPU
		{5CD8A1AC-3303-4B6A-895C-E0944B49DBC4}.Release|Any CPU.ActiveCfg = Release|Any CPU
		{5CD8A1AC-3303-4B6A-895C-E0944B49DBC4}.Release|Any CPU.Build.0 = Release|Any CPU
		{6AA73790-0476-4E2A-89AC-296997ACC0AC}.Debug|Any CPU.ActiveCfg = Debug|Any CPU
		{6AA73790-0476-4E2A-89AC-296997ACC0AC}.Debug|Any CPU.Build.0 = Debug|Any CPU
		{6AA73790-0476-4E2A-89AC-296997ACC0AC}.Release|Any CPU.ActiveCfg = Release|Any CPU
		{6AA73790-0476-4E2A-89AC-296997ACC0AC}.Release|Any CPU.Build.0 = Release|Any CPU
		{56A43103-7840-4221-BB6D-AEF822C0DBAA}.Debug|Any CPU.ActiveCfg = Debug|Any CPU
		{56A43103-7840-4221-BB6D-AEF822C0DBAA}.Debug|Any CPU.Build.0 = Debug|Any CPU
		{56A43103-7840-4221-BB6D-AEF822C0DBAA}.Release|Any CPU.ActiveCfg = Release|Any CPU
		{56A43103-7840-4221-BB6D-AEF822C0DBAA}.Release|Any CPU.Build.0 = Release|Any CPU
		{96648F07-77FA-4F85-AB2A-DAC5BF549804}.Debug|Any CPU.ActiveCfg = Debug|Any CPU
		{96648F07-77FA-4F85-AB2A-DAC5BF549804}.Debug|Any CPU.Build.0 = Debug|Any CPU
		{96648F07-77FA-4F85-AB2A-DAC5BF549804}.Release|Any CPU.ActiveCfg = Release|Any CPU
		{96648F07-77FA-4F85-AB2A-DAC5BF549804}.Release|Any CPU.Build.0 = Release|Any CPU
		{498CEA4F-08AD-4E52-B74E-B34A293FE08C}.Debug|Any CPU.ActiveCfg = Debug|Any CPU
		{498CEA4F-08AD-4E52-B74E-B34A293FE08C}.Debug|Any CPU.Build.0 = Debug|Any CPU
		{498CEA4F-08AD-4E52-B74E-B34A293FE08C}.Release|Any CPU.ActiveCfg = Release|Any CPU
		{498CEA4F-08AD-4E52-B74E-B34A293FE08C}.Release|Any CPU.Build.0 = Release|Any CPU
		{D302F172-52CC-4642-84BC-54CEB7DAB9FD}.Debug|Any CPU.ActiveCfg = Debug|Any CPU
		{D302F172-52CC-4642-84BC-54CEB7DAB9FD}.Debug|Any CPU.Build.0 = Debug|Any CPU
		{D302F172-52CC-4642-84BC-54CEB7DAB9FD}.Release|Any CPU.ActiveCfg = Release|Any CPU
		{D302F172-52CC-4642-84BC-54CEB7DAB9FD}.Release|Any CPU.Build.0 = Release|Any CPU
		{53FB43DD-6174-490B-B190-00E1DCC92906}.Debug|Any CPU.ActiveCfg = Debug|Any CPU
		{53FB43DD-6174-490B-B190-00E1DCC92906}.Debug|Any CPU.Build.0 = Debug|Any CPU
		{53FB43DD-6174-490B-B190-00E1DCC92906}.Release|Any CPU.ActiveCfg = Release|Any CPU
		{53FB43DD-6174-490B-B190-00E1DCC92906}.Release|Any CPU.Build.0 = Release|Any CPU
		{5E9495DE-B65A-458C-A3A3-10F1BCD791A6}.Debug|Any CPU.ActiveCfg = Debug|Any CPU
		{5E9495DE-B65A-458C-A3A3-10F1BCD791A6}.Debug|Any CPU.Build.0 = Debug|Any CPU
		{5E9495DE-B65A-458C-A3A3-10F1BCD791A6}.Release|Any CPU.ActiveCfg = Release|Any CPU
		{5E9495DE-B65A-458C-A3A3-10F1BCD791A6}.Release|Any CPU.Build.0 = Release|Any CPU
		{C1CB2C51-8D56-4424-9D1A-CD9D081266D9}.Debug|Any CPU.ActiveCfg = Debug|Any CPU
		{C1CB2C51-8D56-4424-9D1A-CD9D081266D9}.Debug|Any CPU.Build.0 = Debug|Any CPU
		{C1CB2C51-8D56-4424-9D1A-CD9D081266D9}.Release|Any CPU.ActiveCfg = Release|Any CPU
		{C1CB2C51-8D56-4424-9D1A-CD9D081266D9}.Release|Any CPU.Build.0 = Release|Any CPU
		{E438FDC5-6058-480A-9799-27FFE2FFBF32}.Debug|Any CPU.ActiveCfg = Debug|Any CPU
		{E438FDC5-6058-480A-9799-27FFE2FFBF32}.Debug|Any CPU.Build.0 = Debug|Any CPU
		{E438FDC5-6058-480A-9799-27FFE2FFBF32}.Release|Any CPU.ActiveCfg = Release|Any CPU
		{E438FDC5-6058-480A-9799-27FFE2FFBF32}.Release|Any CPU.Build.0 = Release|Any CPU
		{3F2F0C2F-351B-4371-B6B4-A1E213A3F598}.Debug|Any CPU.ActiveCfg = Debug|Any CPU
		{3F2F0C2F-351B-4371-B6B4-A1E213A3F598}.Debug|Any CPU.Build.0 = Debug|Any CPU
		{3F2F0C2F-351B-4371-B6B4-A1E213A3F598}.Release|Any CPU.ActiveCfg = Release|Any CPU
		{3F2F0C2F-351B-4371-B6B4-A1E213A3F598}.Release|Any CPU.Build.0 = Release|Any CPU
		{1A830C38-CD88-43AD-9453-F3CC5C6FE388}.Debug|Any CPU.ActiveCfg = Debug|Any CPU
		{1A830C38-CD88-43AD-9453-F3CC5C6FE388}.Debug|Any CPU.Build.0 = Debug|Any CPU
		{1A830C38-CD88-43AD-9453-F3CC5C6FE388}.Release|Any CPU.ActiveCfg = Release|Any CPU
		{1A830C38-CD88-43AD-9453-F3CC5C6FE388}.Release|Any CPU.Build.0 = Release|Any CPU
		{DACB8CF7-7DD3-4D8E-A891-9D8BD2A64DCC}.Debug|Any CPU.ActiveCfg = Debug|Any CPU
		{DACB8CF7-7DD3-4D8E-A891-9D8BD2A64DCC}.Debug|Any CPU.Build.0 = Debug|Any CPU
		{DACB8CF7-7DD3-4D8E-A891-9D8BD2A64DCC}.Release|Any CPU.ActiveCfg = Release|Any CPU
		{DACB8CF7-7DD3-4D8E-A891-9D8BD2A64DCC}.Release|Any CPU.Build.0 = Release|Any CPU
		{B89ACF77-C084-47AD-B767-F3EE98A82855}.Debug|Any CPU.ActiveCfg = Debug|Any CPU
		{B89ACF77-C084-47AD-B767-F3EE98A82855}.Debug|Any CPU.Build.0 = Debug|Any CPU
		{B89ACF77-C084-47AD-B767-F3EE98A82855}.Release|Any CPU.ActiveCfg = Release|Any CPU
		{B89ACF77-C084-47AD-B767-F3EE98A82855}.Release|Any CPU.Build.0 = Release|Any CPU
		{46764A0A-B665-4FBB-BAE5-059262B4B32C}.Debug|Any CPU.ActiveCfg = Debug|Any CPU
		{46764A0A-B665-4FBB-BAE5-059262B4B32C}.Debug|Any CPU.Build.0 = Debug|Any CPU
		{46764A0A-B665-4FBB-BAE5-059262B4B32C}.Release|Any CPU.ActiveCfg = Release|Any CPU
		{46764A0A-B665-4FBB-BAE5-059262B4B32C}.Release|Any CPU.Build.0 = Release|Any CPU
	EndGlobalSection
	GlobalSection(SolutionProperties) = preSolution
		HideSolutionNode = FALSE
	EndGlobalSection
	GlobalSection(NestedProjects) = preSolution
		{762DF0A6-4D1D-4CC7-8880-8F93A954D5FB} = {3A6CD4B1-C552-4B66-A6B4-516946CE40D8}
		{FDA708F7-F972-45DD-AC09-D6DF621FA3B8} = {A1E6E7B0-852E-4B89-94D9-14DAAD1DB6A1}
		{6348F16E-F36D-4D2D-96C0-8A35D01E45D7} = {3A6CD4B1-C552-4B66-A6B4-516946CE40D8}
		{5FB539F4-CBBD-48F5-864C-F2192C22AE5A} = {3A6CD4B1-C552-4B66-A6B4-516946CE40D8}
		{8B4841A0-C2F9-490E-8B63-FD3C85F10774} = {A1E6E7B0-852E-4B89-94D9-14DAAD1DB6A1}
		{DC22EB30-E9C0-440A-A4CC-5562F68BE91C} = {71082F78-D494-41D9-8165-30FA1A4A51A6}
		{CC5BAD6C-1E62-4A3C-8515-8AE0D43D48AD} = {A1E6E7B0-852E-4B89-94D9-14DAAD1DB6A1}
		{EA61D00D-4CA6-4F8D-B7D6-7B313A84D495} = {3A6CD4B1-C552-4B66-A6B4-516946CE40D8}
		{3B43FDA8-96D2-4C79-BAEC-D568C1F894BA} = {3A6CD4B1-C552-4B66-A6B4-516946CE40D8}
		{6C230923-40EA-4326-AF9E-D16A6F0A0433} = {A1E6E7B0-852E-4B89-94D9-14DAAD1DB6A1}
		{ACEA5E55-C241-4415-AD53-B63F1D6E1AA9} = {A1E6E7B0-852E-4B89-94D9-14DAAD1DB6A1}
		{31DCD9B2-F890-47C8-A6CA-4C644DB74221} = {A1E6E7B0-852E-4B89-94D9-14DAAD1DB6A1}
		{17F44C38-FC70-4031-AB23-9C1BDB8F16A3} = {A1E6E7B0-852E-4B89-94D9-14DAAD1DB6A1}
		{6C23C813-355E-4A33-87F2-28E6F923974C} = {3A6CD4B1-C552-4B66-A6B4-516946CE40D8}
		{62236D4A-9C87-4097-A323-C389B913383E} = {A1E6E7B0-852E-4B89-94D9-14DAAD1DB6A1}
		{01BB62EA-4814-4D6C-B07C-E41BB1A3D5EB} = {47101E0D-7FDA-42B0-A7A1-57E1576C51E9}
		{1642B49E-6777-4B27-A939-EEBC26C94273} = {47101E0D-7FDA-42B0-A7A1-57E1576C51E9}
		{2D0FCAD9-7F58-40C2-B188-24DE8DAE7246} = {47101E0D-7FDA-42B0-A7A1-57E1576C51E9}
		{47101E0D-7FDA-42B0-A7A1-57E1576C51E9} = {3A6CD4B1-C552-4B66-A6B4-516946CE40D8}
		{CF11522C-0CB6-46D2-9502-0B10C0F8FCD0} = {47101E0D-7FDA-42B0-A7A1-57E1576C51E9}
		{49443D19-2EF9-46DB-AFBB-33F424F08E56} = {8BD915C2-188B-4698-A8A3-B3BD38C4D514}
		{70A71954-8812-406B-B580-4816CE7B41DC} = {8BD915C2-188B-4698-A8A3-B3BD38C4D514}
		{AB8A2077-34D9-462F-894F-DD59742A4DEC} = {8BD915C2-188B-4698-A8A3-B3BD38C4D514}
		{5CD8A1AC-3303-4B6A-895C-E0944B49DBC4} = {8BD915C2-188B-4698-A8A3-B3BD38C4D514}
		{6AA73790-0476-4E2A-89AC-296997ACC0AC} = {67E8835B-E8D9-43BC-A261-2817C54F439D}
		{56A43103-7840-4221-BB6D-AEF822C0DBAA} = {3A6CD4B1-C552-4B66-A6B4-516946CE40D8}
		{96648F07-77FA-4F85-AB2A-DAC5BF549804} = {3A6CD4B1-C552-4B66-A6B4-516946CE40D8}
		{498CEA4F-08AD-4E52-B74E-B34A293FE08C} = {8BD915C2-188B-4698-A8A3-B3BD38C4D514}
		{D302F172-52CC-4642-84BC-54CEB7DAB9FD} = {71082F78-D494-41D9-8165-30FA1A4A51A6}
		{53FB43DD-6174-490B-B190-00E1DCC92906} = {71082F78-D494-41D9-8165-30FA1A4A51A6}
		{5E9495DE-B65A-458C-A3A3-10F1BCD791A6} = {71082F78-D494-41D9-8165-30FA1A4A51A6}
		{C1CB2C51-8D56-4424-9D1A-CD9D081266D9} = {71082F78-D494-41D9-8165-30FA1A4A51A6}
		{E438FDC5-6058-480A-9799-27FFE2FFBF32} = {71082F78-D494-41D9-8165-30FA1A4A51A6}
		{3F2F0C2F-351B-4371-B6B4-A1E213A3F598} = {A1E6E7B0-852E-4B89-94D9-14DAAD1DB6A1}
		{1A830C38-CD88-43AD-9453-F3CC5C6FE388} = {A1E6E7B0-852E-4B89-94D9-14DAAD1DB6A1}
		{DACB8CF7-7DD3-4D8E-A891-9D8BD2A64DCC} = {A1E6E7B0-852E-4B89-94D9-14DAAD1DB6A1}
		{B89ACF77-C084-47AD-B767-F3EE98A82855} = {A1E6E7B0-852E-4B89-94D9-14DAAD1DB6A1}
		{46764A0A-B665-4FBB-BAE5-059262B4B32C} = {A1E6E7B0-852E-4B89-94D9-14DAAD1DB6A1}
	EndGlobalSection
	GlobalSection(ExtensibilityGlobals) = postSolution
		SolutionGuid = {9188CAC4-53FB-42CB-A711-84085C5590C0}
	EndGlobalSection
EndGlobal
