
Microsoft Visual Studio Solution File, Format Version 12.00
# Visual Studio Version 17
VisualStudioVersion = 17.3.32825.248
MinimumVisualStudioVersion = 10.0.40219.1
Project("{FAE04EC0-301F-11D3-BF4B-00C04F79EFBC}") = "AdventureWorks", "AdventureWorks\AdventureWorks.csproj", "{ACCE9596-7CCF-44B2-B1A8-A6996899CF60}"
EndProject
Global
	GlobalSection(SolutionConfigurationPlatforms) = preSolution
		Debug|Any CPU = Debug|Any CPU
		Release|Any CPU = Release|Any CPU
	EndGlobalSection
	GlobalSection(ProjectConfigurationPlatforms) = postSolution
		{ACCE9596-7CCF-44B2-B1A8-A6996899CF60}.Debug|Any CPU.ActiveCfg = Debug|Any CPU
		{ACCE9596-7CCF-44B2-B1A8-A6996899CF60}.Debug|Any CPU.Build.0 = Debug|Any CPU
		{ACCE9596-7CCF-44B2-B1A8-A6996899CF60}.Release|Any CPU.ActiveCfg = Release|Any CPU
		{ACCE9596-7CCF-44B2-B1A8-A6996899CF60}.Release|Any CPU.Build.0 = Release|Any CPU
	EndGlobalSection
	GlobalSection(SolutionProperties) = preSolution
		HideSolutionNode = FALSE
	EndGlobalSection
	GlobalSection(ExtensibilityGlobals) = postSolution
		SolutionGuid = {3AF746B9-E9C7-464A-A5AD-6CB7F420D09D}
	EndGlobalSection
EndGlobal
