
Microsoft Visual Studio Solution File, Format Version 12.00
# Visual Studio Version 17
VisualStudioVersion = 17.3.32825.248
MinimumVisualStudioVersion = 10.0.40219.1
Project("{9A19103F-16F7-4668-BE54-9A1E7A4F7556}") = "AdventureWorks.Purchasing", "AdventureWorks.Purchasing\AdventureWorks.Purchasing.csproj", "{762DF0A6-4D1D-4CC7-8880-8F93A954D5FB}"
EndProject
Project("{9A19103F-16F7-4668-BE54-9A1E7A4F7556}") = "AdventureWorks", "..\AdventureWorks\AdventureWorks\AdventureWorks.csproj", "{FDA708F7-F972-45DD-AC09-D6DF621FA3B8}"
EndProject
Project("{2150E333-8FDC-42A3-9474-1A3956D46DE8}") = "ソリューション項目", "ソリューション項目", "{1C3A7512-F795-4997-9D84-525A15AC1711}"
	ProjectSection(SolutionItems) = preProject
		..\Directory.Build.props = ..\Directory.Build.props
		..\Directory.Build.targets = ..\Directory.Build.targets
	EndProjectSection
EndProject
Project("{9A19103F-16F7-4668-BE54-9A1E7A4F7556}") = "AdventureWorks.Purchasing.View", "AdventureWorks.Purchasing.View\AdventureWorks.Purchasing.View.csproj", "{6348F16E-F36D-4D2D-96C0-8A35D01E45D7}"
EndProject
Project("{9A19103F-16F7-4668-BE54-9A1E7A4F7556}") = "AdventureWorks.Purchasing.App", "AdventureWorks.Purchasing.App\AdventureWorks.Purchasing.App.csproj", "{DF213721-1A45-4CB2-B3C2-BB4E7A72B10E}"
EndProject
Project("{9A19103F-16F7-4668-BE54-9A1E7A4F7556}") = "AdventureWorks.Purchasing.ViewModel", "AdventureWorks.Purchasing.ViewModel\AdventureWorks.Purchasing.ViewModel.csproj", "{5FB539F4-CBBD-48F5-864C-F2192C22AE5A}"
EndProject
Project("{2150E333-8FDC-42A3-9474-1A3956D46DE8}") = "AdventureWorks", "AdventureWorks", "{A1E6E7B0-852E-4B89-94D9-14DAAD1DB6A1}"
EndProject
Project("{9A19103F-16F7-4668-BE54-9A1E7A4F7556}") = "AdventureWorks.Purchasing.UseCase", "AdventureWorks.Purchasing.UseCase\AdventureWorks.Purchasing.UseCase.csproj", "{2171554A-09DD-4CF2-8ACD-DFA9AA55CF61}"
EndProject
Project("{9A19103F-16F7-4668-BE54-9A1E7A4F7556}") = "AdventureWorks.Database", "..\AdventureWorks\AdventureWorks.Database\AdventureWorks.Database.csproj", "{8B4841A0-C2F9-490E-8B63-FD3C85F10774}"
EndProject
Project("{9A19103F-16F7-4668-BE54-9A1E7A4F7556}") = "AdventureWorks.Purchasing.UseCase.Database", "AdventureWorks.Purchasing.UseCase.Database\AdventureWorks.Purchasing.UseCase.Database.csproj", "{E16FFB0A-44B2-462C-93BB-BE6EF73880B5}"
EndProject
Project("{9A19103F-16F7-4668-BE54-9A1E7A4F7556}") = "AdventureWorks.Purchasing.Database", "AdventureWorks.Purchasing.Database\AdventureWorks.Purchasing.Database.csproj", "{7D5CF6A7-9507-47B5-B843-06EE9BC3D2CC}"
EndProject
Project("{9A19103F-16F7-4668-BE54-9A1E7A4F7556}") = "AdventureWorks.View", "AdventureWorks.View\AdventureWorks.View.csproj", "{78458938-354E-472F-9C9E-102ADAB5A9F1}"
EndProject
Project("{9A19103F-16F7-4668-BE54-9A1E7A4F7556}") = "AdventureWorks.Authentication", "..\AdventureWorks.Authentication\AdventureWorks.Authentication\AdventureWorks.Authentication.csproj", "{DC22EB30-E9C0-440A-A4CC-5562F68BE91C}"
EndProject
Project("{9A19103F-16F7-4668-BE54-9A1E7A4F7556}") = "AdventureWorks.Authentication.Client", "..\AdventureWorks.Authentication\AdventureWorks.Authentication.Client\AdventureWorks.Authentication.Client.csproj", "{CEA2CB38-9FC7-4F00-BFBC-1B114E652DC2}"
EndProject
Project("{9A19103F-16F7-4668-BE54-9A1E7A4F7556}") = "AdventureWorks.Authentication.Service", "..\AdventureWorks.Authentication\AdventureWorks.Authentication.Service\AdventureWorks.Authentication.Service.csproj", "{18C2D8B9-27CB-4027-86A0-70B9703E7265}"
EndProject
Project("{9A19103F-16F7-4668-BE54-9A1E7A4F7556}") = "AdventureWorks.Authentication.Service.Database", "..\AdventureWorks.Authentication\AdventureWorks.Authentication.Service.Database\AdventureWorks.Authentication.Service.Database.csproj", "{98C71B69-B359-45BF-85EC-97C92B533085}"
EndProject
Project("{2150E333-8FDC-42A3-9474-1A3956D46DE8}") = "AdventureWorks.Authentication", "AdventureWorks.Authentication", "{71082F78-D494-41D9-8165-30FA1A4A51A6}"
EndProject
Global
	GlobalSection(SolutionConfigurationPlatforms) = preSolution
		Debug|Any CPU = Debug|Any CPU
		Release|Any CPU = Release|Any CPU
	EndGlobalSection
	GlobalSection(ProjectConfigurationPlatforms) = postSolution
		{762DF0A6-4D1D-4CC7-8880-8F93A954D5FB}.Debug|Any CPU.ActiveCfg = Debug|Any CPU
		{762DF0A6-4D1D-4CC7-8880-8F93A954D5FB}.Debug|Any CPU.Build.0 = Debug|Any CPU
		{762DF0A6-4D1D-4CC7-8880-8F93A954D5FB}.Release|Any CPU.ActiveCfg = Release|Any CPU
		{762DF0A6-4D1D-4CC7-8880-8F93A954D5FB}.Release|Any CPU.Build.0 = Release|Any CPU
		{FDA708F7-F972-45DD-AC09-D6DF621FA3B8}.Debug|Any CPU.ActiveCfg = Debug|Any CPU
		{FDA708F7-F972-45DD-AC09-D6DF621FA3B8}.Debug|Any CPU.Build.0 = Debug|Any CPU
		{FDA708F7-F972-45DD-AC09-D6DF621FA3B8}.Release|Any CPU.ActiveCfg = Release|Any CPU
		{FDA708F7-F972-45DD-AC09-D6DF621FA3B8}.Release|Any CPU.Build.0 = Release|Any CPU
		{6348F16E-F36D-4D2D-96C0-8A35D01E45D7}.Debug|Any CPU.ActiveCfg = Debug|Any CPU
		{6348F16E-F36D-4D2D-96C0-8A35D01E45D7}.Debug|Any CPU.Build.0 = Debug|Any CPU
		{6348F16E-F36D-4D2D-96C0-8A35D01E45D7}.Release|Any CPU.ActiveCfg = Release|Any CPU
		{6348F16E-F36D-4D2D-96C0-8A35D01E45D7}.Release|Any CPU.Build.0 = Release|Any CPU
		{DF213721-1A45-4CB2-B3C2-BB4E7A72B10E}.Debug|Any CPU.ActiveCfg = Debug|Any CPU
		{DF213721-1A45-4CB2-B3C2-BB4E7A72B10E}.Debug|Any CPU.Build.0 = Debug|Any CPU
		{DF213721-1A45-4CB2-B3C2-BB4E7A72B10E}.Release|Any CPU.ActiveCfg = Release|Any CPU
		{DF213721-1A45-4CB2-B3C2-BB4E7A72B10E}.Release|Any CPU.Build.0 = Release|Any CPU
		{5FB539F4-CBBD-48F5-864C-F2192C22AE5A}.Debug|Any CPU.ActiveCfg = Debug|Any CPU
		{5FB539F4-CBBD-48F5-864C-F2192C22AE5A}.Debug|Any CPU.Build.0 = Debug|Any CPU
		{5FB539F4-CBBD-48F5-864C-F2192C22AE5A}.Release|Any CPU.ActiveCfg = Release|Any CPU
		{5FB539F4-CBBD-48F5-864C-F2192C22AE5A}.Release|Any CPU.Build.0 = Release|Any CPU
		{2171554A-09DD-4CF2-8ACD-DFA9AA55CF61}.Debug|Any CPU.ActiveCfg = Debug|Any CPU
		{2171554A-09DD-4CF2-8ACD-DFA9AA55CF61}.Debug|Any CPU.Build.0 = Debug|Any CPU
		{2171554A-09DD-4CF2-8ACD-DFA9AA55CF61}.Release|Any CPU.ActiveCfg = Release|Any CPU
		{2171554A-09DD-4CF2-8ACD-DFA9AA55CF61}.Release|Any CPU.Build.0 = Release|Any CPU
		{8B4841A0-C2F9-490E-8B63-FD3C85F10774}.Debug|Any CPU.ActiveCfg = Debug|Any CPU
		{8B4841A0-C2F9-490E-8B63-FD3C85F10774}.Debug|Any CPU.Build.0 = Debug|Any CPU
		{8B4841A0-C2F9-490E-8B63-FD3C85F10774}.Release|Any CPU.ActiveCfg = Release|Any CPU
		{8B4841A0-C2F9-490E-8B63-FD3C85F10774}.Release|Any CPU.Build.0 = Release|Any CPU
		{E16FFB0A-44B2-462C-93BB-BE6EF73880B5}.Debug|Any CPU.ActiveCfg = Debug|Any CPU
		{E16FFB0A-44B2-462C-93BB-BE6EF73880B5}.Debug|Any CPU.Build.0 = Debug|Any CPU
		{E16FFB0A-44B2-462C-93BB-BE6EF73880B5}.Release|Any CPU.ActiveCfg = Release|Any CPU
		{E16FFB0A-44B2-462C-93BB-BE6EF73880B5}.Release|Any CPU.Build.0 = Release|Any CPU
		{7D5CF6A7-9507-47B5-B843-06EE9BC3D2CC}.Debug|Any CPU.ActiveCfg = Debug|Any CPU
		{7D5CF6A7-9507-47B5-B843-06EE9BC3D2CC}.Debug|Any CPU.Build.0 = Debug|Any CPU
		{7D5CF6A7-9507-47B5-B843-06EE9BC3D2CC}.Release|Any CPU.ActiveCfg = Release|Any CPU
		{7D5CF6A7-9507-47B5-B843-06EE9BC3D2CC}.Release|Any CPU.Build.0 = Release|Any CPU
		{78458938-354E-472F-9C9E-102ADAB5A9F1}.Debug|Any CPU.ActiveCfg = Debug|Any CPU
		{78458938-354E-472F-9C9E-102ADAB5A9F1}.Debug|Any CPU.Build.0 = Debug|Any CPU
		{78458938-354E-472F-9C9E-102ADAB5A9F1}.Release|Any CPU.ActiveCfg = Release|Any CPU
		{78458938-354E-472F-9C9E-102ADAB5A9F1}.Release|Any CPU.Build.0 = Release|Any CPU
		{DC22EB30-E9C0-440A-A4CC-5562F68BE91C}.Debug|Any CPU.ActiveCfg = Debug|Any CPU
		{DC22EB30-E9C0-440A-A4CC-5562F68BE91C}.Debug|Any CPU.Build.0 = Debug|Any CPU
		{DC22EB30-E9C0-440A-A4CC-5562F68BE91C}.Release|Any CPU.ActiveCfg = Release|Any CPU
		{DC22EB30-E9C0-440A-A4CC-5562F68BE91C}.Release|Any CPU.Build.0 = Release|Any CPU
		{CEA2CB38-9FC7-4F00-BFBC-1B114E652DC2}.Debug|Any CPU.ActiveCfg = Debug|Any CPU
		{CEA2CB38-9FC7-4F00-BFBC-1B114E652DC2}.Debug|Any CPU.Build.0 = Debug|Any CPU
		{CEA2CB38-9FC7-4F00-BFBC-1B114E652DC2}.Release|Any CPU.ActiveCfg = Release|Any CPU
		{CEA2CB38-9FC7-4F00-BFBC-1B114E652DC2}.Release|Any CPU.Build.0 = Release|Any CPU
		{18C2D8B9-27CB-4027-86A0-70B9703E7265}.Debug|Any CPU.ActiveCfg = Debug|Any CPU
		{18C2D8B9-27CB-4027-86A0-70B9703E7265}.Debug|Any CPU.Build.0 = Debug|Any CPU
		{18C2D8B9-27CB-4027-86A0-70B9703E7265}.Release|Any CPU.ActiveCfg = Release|Any CPU
		{18C2D8B9-27CB-4027-86A0-70B9703E7265}.Release|Any CPU.Build.0 = Release|Any CPU
		{98C71B69-B359-45BF-85EC-97C92B533085}.Debug|Any CPU.ActiveCfg = Debug|Any CPU
		{98C71B69-B359-45BF-85EC-97C92B533085}.Debug|Any CPU.Build.0 = Debug|Any CPU
		{98C71B69-B359-45BF-85EC-97C92B533085}.Release|Any CPU.ActiveCfg = Release|Any CPU
		{98C71B69-B359-45BF-85EC-97C92B533085}.Release|Any CPU.Build.0 = Release|Any CPU
	EndGlobalSection
	GlobalSection(SolutionProperties) = preSolution
		HideSolutionNode = FALSE
	EndGlobalSection
	GlobalSection(NestedProjects) = preSolution
		{FDA708F7-F972-45DD-AC09-D6DF621FA3B8} = {A1E6E7B0-852E-4B89-94D9-14DAAD1DB6A1}
		{8B4841A0-C2F9-490E-8B63-FD3C85F10774} = {A1E6E7B0-852E-4B89-94D9-14DAAD1DB6A1}
		{78458938-354E-472F-9C9E-102ADAB5A9F1} = {A1E6E7B0-852E-4B89-94D9-14DAAD1DB6A1}
		{DC22EB30-E9C0-440A-A4CC-5562F68BE91C} = {71082F78-D494-41D9-8165-30FA1A4A51A6}
		{CEA2CB38-9FC7-4F00-BFBC-1B114E652DC2} = {71082F78-D494-41D9-8165-30FA1A4A51A6}
		{18C2D8B9-27CB-4027-86A0-70B9703E7265} = {71082F78-D494-41D9-8165-30FA1A4A51A6}
		{98C71B69-B359-45BF-85EC-97C92B533085} = {71082F78-D494-41D9-8165-30FA1A4A51A6}
	EndGlobalSection
	GlobalSection(ExtensibilityGlobals) = postSolution
		SolutionGuid = {9188CAC4-53FB-42CB-A711-84085C5590C0}
	EndGlobalSection
EndGlobal
