
Microsoft Visual Studio Solution File, Format Version 12.00
# Visual Studio Version 17
VisualStudioVersion = 17.3.32825.248
MinimumVisualStudioVersion = 10.0.40219.1
Project("{9A19103F-16F7-4668-BE54-9A1E7A4F7556}") = "AdventureWorks.Purchasing", "AdventureWorks.Purchasing\AdventureWorks.Purchasing.csproj", "{762DF0A6-4D1D-4CC7-8880-8F93A954D5FB}"
EndProject
Project("{9A19103F-16F7-4668-BE54-9A1E7A4F7556}") = "AdventureWorks", "..\AdventureWorks\AdventureWorks\AdventureWorks.csproj", "{FDA708F7-F972-45DD-AC09-D6DF621FA3B8}"
EndProject
Project("{2150E333-8FDC-42A3-9474-1A3956D46DE8}") = "ソリューション項目", "ソリューション項目", "{1C3A7512-F795-4997-9D84-525A15AC1711}"
	ProjectSection(SolutionItems) = preProject
		..\Directory.Build.props = ..\Directory.Build.props
		..\Directory.Build.targets = ..\Directory.Build.targets
	EndProjectSection
EndProject
Project("{9A19103F-16F7-4668-BE54-9A1E7A4F7556}") = "AdventureWorks.Purchasing.View", "AdventureWorks.Purchasing.View\AdventureWorks.Purchasing.View.csproj", "{6348F16E-F36D-4D2D-96C0-8A35D01E45D7}"
EndProject
Project("{9A19103F-16F7-4668-BE54-9A1E7A4F7556}") = "AdventureWorks.Purchasing.App", "AdventureWorks.Purchasing.App\AdventureWorks.Purchasing.App.csproj", "{DF213721-1A45-4CB2-B3C2-BB4E7A72B10E}"
EndProject
Project("{9A19103F-16F7-4668-BE54-9A1E7A4F7556}") = "AdventureWorks.Purchasing.ViewModel", "AdventureWorks.Purchasing.ViewModel\AdventureWorks.Purchasing.ViewModel.csproj", "{5FB539F4-CBBD-48F5-864C-F2192C22AE5A}"
EndProject
Project("{2150E333-8FDC-42A3-9474-1A3956D46DE8}") = "AdventureWorks", "AdventureWorks", "{A1E6E7B0-852E-4B89-94D9-14DAAD1DB6A1}"
EndProject
Project("{9A19103F-16F7-4668-BE54-9A1E7A4F7556}") = "AdventureWorks.Database", "..\AdventureWorks\AdventureWorks.Database\AdventureWorks.Database.csproj", "{8B4841A0-C2F9-490E-8B63-FD3C85F10774}"
EndProject
Project("{9A19103F-16F7-4668-BE54-9A1E7A4F7556}") = "AdventureWorks.Purchasing.UseCase.Database", "AdventureWorks.Purchasing.UseCase.Database\AdventureWorks.Purchasing.UseCase.Database.csproj", "{E16FFB0A-44B2-462C-93BB-BE6EF73880B5}"
EndProject
Project("{9A19103F-16F7-4668-BE54-9A1E7A4F7556}") = "AdventureWorks.Purchasing.Database", "AdventureWorks.Purchasing.Database\AdventureWorks.Purchasing.Database.csproj", "{7D5CF6A7-9507-47B5-B843-06EE9BC3D2CC}"
EndProject
Project("{9A19103F-16F7-4668-BE54-9A1E7A4F7556}") = "AdventureWorks.Authentication", "..\AdventureWorks.Authentication\AdventureWorks.Authentication\AdventureWorks.Authentication.csproj", "{DC22EB30-E9C0-440A-A4CC-5562F68BE91C}"
EndProject
Project("{2150E333-8FDC-42A3-9474-1A3956D46DE8}") = "AdventureWorks.Authentication", "AdventureWorks.Authentication", "{71082F78-D494-41D9-8165-30FA1A4A51A6}"
EndProject
Project("{9A19103F-16F7-4668-BE54-9A1E7A4F7556}") = "AdventureWorks.Authentication.MagicOnion.Client", "..\AdventureWorks.Authentication\AdventureWorks.Authentication.MagicOnion.Client\AdventureWorks.Authentication.MagicOnion.Client.csproj", "{0CB382C2-7441-4597-BCCF-7D3D196DB089}"
EndProject
Project("{9A19103F-16F7-4668-BE54-9A1E7A4F7556}") = "AdventureWorks.Authentication.MagicOnion.Server", "..\AdventureWorks.Authentication\AdventureWorks.Authentication.MagicOnion.Server\AdventureWorks.Authentication.MagicOnion.Server.csproj", "{2B7343C4-BE79-4B90-9925-88390FEA2196}"
EndProject
Project("{9A19103F-16F7-4668-BE54-9A1E7A4F7556}") = "AdventureWorks.Purchasing.Service", "AdventureWorks.Purchasing.Service\AdventureWorks.Purchasing.Service.csproj", "{7AB126AB-CEAF-4FA4-A203-D3CE1875CFA4}"
EndProject
Project("{9A19103F-16F7-4668-BE54-9A1E7A4F7556}") = "AdventureWorks.MagicOnion", "..\AdventureWorks\AdventureWorks.MagicOnion\AdventureWorks.MagicOnion.csproj", "{CC5BAD6C-1E62-4A3C-8515-8AE0D43D48AD}"
EndProject
Project("{9A19103F-16F7-4668-BE54-9A1E7A4F7556}") = "AdventureWorks.Extensions", "AdventureWorks.Extensions\AdventureWorks.Extensions.csproj", "{0A93E868-BA56-46BF-A199-33628BBEF9B9}"
EndProject
Project("{9A19103F-16F7-4668-BE54-9A1E7A4F7556}") = "AdventureWorks.Wpf", "..\AdventureWorks\AdventureWorks.Wpf\AdventureWorks.Wpf.csproj", "{1FDEB5E4-7205-441C-9D9C-6C05D394E51A}"
EndProject
Project("{9A19103F-16F7-4668-BE54-9A1E7A4F7556}") = "AdventureWorks.Purchasing.MagicOnion", "AdventureWorks.Purchasing.MagicOnion\AdventureWorks.Purchasing.MagicOnion.csproj", "{EA61D00D-4CA6-4F8D-B7D6-7B313A84D495}"
EndProject
Project("{9A19103F-16F7-4668-BE54-9A1E7A4F7556}") = "AdventureWorks.AspNetCore", "..\AdventureWorks\AdventureWorks.AspNetCore\AdventureWorks.AspNetCore.csproj", "{32A8D4CE-C1D2-4C3A-B8D0-4C184231B464}"
EndProject
Project("{9A19103F-16F7-4668-BE54-9A1E7A4F7556}") = "AdventureWorks.Purchasing.MagicOnion.Server", "AdventureWorks.Purchasing.MagicOnion.Server\AdventureWorks.Purchasing.MagicOnion.Server.csproj", "{3B43FDA8-96D2-4C79-BAEC-D568C1F894BA}"
EndProject
Project("{9A19103F-16F7-4668-BE54-9A1E7A4F7556}") = "AdventureWorks.Purchasing.MagicOnion.Client", "AdventureWorks.Purchasing.MagicOnion.Client\AdventureWorks.Purchasing.MagicOnion.Client.csproj", "{B9AFE47A-2243-4F2F-8332-C2C43D7EA1B0}"
EndProject
Project("{9A19103F-16F7-4668-BE54-9A1E7A4F7556}") = "AdventureWorks.Purchasing.UseCase", "AdventureWorks.Purchasing.UseCase\AdventureWorks.Purchasing.UseCase.csproj", "{8D60DF6D-373F-41D1-A3B8-C7B5DFEC9368}"
EndProject
Project("{FAE04EC0-301F-11D3-BF4B-00C04F79EFBC}") = "AdventureWorks.System", "..\AdventureWorks\AdventureWorks.System\AdventureWorks.System.csproj", "{6C230923-40EA-4326-AF9E-D16A6F0A0433}"
EndProject
Global
	GlobalSection(SolutionConfigurationPlatforms) = preSolution
		Debug|Any CPU = Debug|Any CPU
		Release|Any CPU = Release|Any CPU
	EndGlobalSection
	GlobalSection(ProjectConfigurationPlatforms) = postSolution
		{762DF0A6-4D1D-4CC7-8880-8F93A954D5FB}.Debug|Any CPU.ActiveCfg = Debug|Any CPU
		{762DF0A6-4D1D-4CC7-8880-8F93A954D5FB}.Debug|Any CPU.Build.0 = Debug|Any CPU
		{762DF0A6-4D1D-4CC7-8880-8F93A954D5FB}.Release|Any CPU.ActiveCfg = Release|Any CPU
		{762DF0A6-4D1D-4CC7-8880-8F93A954D5FB}.Release|Any CPU.Build.0 = Release|Any CPU
		{FDA708F7-F972-45DD-AC09-D6DF621FA3B8}.Debug|Any CPU.ActiveCfg = Debug|Any CPU
		{FDA708F7-F972-45DD-AC09-D6DF621FA3B8}.Debug|Any CPU.Build.0 = Debug|Any CPU
		{FDA708F7-F972-45DD-AC09-D6DF621FA3B8}.Release|Any CPU.ActiveCfg = Release|Any CPU
		{FDA708F7-F972-45DD-AC09-D6DF621FA3B8}.Release|Any CPU.Build.0 = Release|Any CPU
		{6348F16E-F36D-4D2D-96C0-8A35D01E45D7}.Debug|Any CPU.ActiveCfg = Debug|Any CPU
		{6348F16E-F36D-4D2D-96C0-8A35D01E45D7}.Debug|Any CPU.Build.0 = Debug|Any CPU
		{6348F16E-F36D-4D2D-96C0-8A35D01E45D7}.Release|Any CPU.ActiveCfg = Release|Any CPU
		{6348F16E-F36D-4D2D-96C0-8A35D01E45D7}.Release|Any CPU.Build.0 = Release|Any CPU
		{DF213721-1A45-4CB2-B3C2-BB4E7A72B10E}.Debug|Any CPU.ActiveCfg = Debug|Any CPU
		{DF213721-1A45-4CB2-B3C2-BB4E7A72B10E}.Debug|Any CPU.Build.0 = Debug|Any CPU
		{DF213721-1A45-4CB2-B3C2-BB4E7A72B10E}.Release|Any CPU.ActiveCfg = Release|Any CPU
		{DF213721-1A45-4CB2-B3C2-BB4E7A72B10E}.Release|Any CPU.Build.0 = Release|Any CPU
		{5FB539F4-CBBD-48F5-864C-F2192C22AE5A}.Debug|Any CPU.ActiveCfg = Debug|Any CPU
		{5FB539F4-CBBD-48F5-864C-F2192C22AE5A}.Debug|Any CPU.Build.0 = Debug|Any CPU
		{5FB539F4-CBBD-48F5-864C-F2192C22AE5A}.Release|Any CPU.ActiveCfg = Release|Any CPU
		{5FB539F4-CBBD-48F5-864C-F2192C22AE5A}.Release|Any CPU.Build.0 = Release|Any CPU
		{8B4841A0-C2F9-490E-8B63-FD3C85F10774}.Debug|Any CPU.ActiveCfg = Debug|Any CPU
		{8B4841A0-C2F9-490E-8B63-FD3C85F10774}.Debug|Any CPU.Build.0 = Debug|Any CPU
		{8B4841A0-C2F9-490E-8B63-FD3C85F10774}.Release|Any CPU.ActiveCfg = Release|Any CPU
		{8B4841A0-C2F9-490E-8B63-FD3C85F10774}.Release|Any CPU.Build.0 = Release|Any CPU
		{E16FFB0A-44B2-462C-93BB-BE6EF73880B5}.Debug|Any CPU.ActiveCfg = Debug|Any CPU
		{E16FFB0A-44B2-462C-93BB-BE6EF73880B5}.Debug|Any CPU.Build.0 = Debug|Any CPU
		{E16FFB0A-44B2-462C-93BB-BE6EF73880B5}.Release|Any CPU.ActiveCfg = Release|Any CPU
		{E16FFB0A-44B2-462C-93BB-BE6EF73880B5}.Release|Any CPU.Build.0 = Release|Any CPU
		{7D5CF6A7-9507-47B5-B843-06EE9BC3D2CC}.Debug|Any CPU.ActiveCfg = Debug|Any CPU
		{7D5CF6A7-9507-47B5-B843-06EE9BC3D2CC}.Debug|Any CPU.Build.0 = Debug|Any CPU
		{7D5CF6A7-9507-47B5-B843-06EE9BC3D2CC}.Release|Any CPU.ActiveCfg = Release|Any CPU
		{7D5CF6A7-9507-47B5-B843-06EE9BC3D2CC}.Release|Any CPU.Build.0 = Release|Any CPU
		{DC22EB30-E9C0-440A-A4CC-5562F68BE91C}.Debug|Any CPU.ActiveCfg = Debug|Any CPU
		{DC22EB30-E9C0-440A-A4CC-5562F68BE91C}.Debug|Any CPU.Build.0 = Debug|Any CPU
		{DC22EB30-E9C0-440A-A4CC-5562F68BE91C}.Release|Any CPU.ActiveCfg = Release|Any CPU
		{DC22EB30-E9C0-440A-A4CC-5562F68BE91C}.Release|Any CPU.Build.0 = Release|Any CPU
		{0CB382C2-7441-4597-BCCF-7D3D196DB089}.Debug|Any CPU.ActiveCfg = Debug|Any CPU
		{0CB382C2-7441-4597-BCCF-7D3D196DB089}.Debug|Any CPU.Build.0 = Debug|Any CPU
		{0CB382C2-7441-4597-BCCF-7D3D196DB089}.Release|Any CPU.ActiveCfg = Release|Any CPU
		{0CB382C2-7441-4597-BCCF-7D3D196DB089}.Release|Any CPU.Build.0 = Release|Any CPU
		{2B7343C4-BE79-4B90-9925-88390FEA2196}.Debug|Any CPU.ActiveCfg = Debug|Any CPU
		{2B7343C4-BE79-4B90-9925-88390FEA2196}.Debug|Any CPU.Build.0 = Debug|Any CPU
		{2B7343C4-BE79-4B90-9925-88390FEA2196}.Release|Any CPU.ActiveCfg = Release|Any CPU
		{2B7343C4-BE79-4B90-9925-88390FEA2196}.Release|Any CPU.Build.0 = Release|Any CPU
		{7AB126AB-CEAF-4FA4-A203-D3CE1875CFA4}.Debug|Any CPU.ActiveCfg = Debug|Any CPU
		{7AB126AB-CEAF-4FA4-A203-D3CE1875CFA4}.Debug|Any CPU.Build.0 = Debug|Any CPU
		{7AB126AB-CEAF-4FA4-A203-D3CE1875CFA4}.Release|Any CPU.ActiveCfg = Release|Any CPU
		{7AB126AB-CEAF-4FA4-A203-D3CE1875CFA4}.Release|Any CPU.Build.0 = Release|Any CPU
		{CC5BAD6C-1E62-4A3C-8515-8AE0D43D48AD}.Debug|Any CPU.ActiveCfg = Debug|Any CPU
		{CC5BAD6C-1E62-4A3C-8515-8AE0D43D48AD}.Debug|Any CPU.Build.0 = Debug|Any CPU
		{CC5BAD6C-1E62-4A3C-8515-8AE0D43D48AD}.Release|Any CPU.ActiveCfg = Release|Any CPU
		{CC5BAD6C-1E62-4A3C-8515-8AE0D43D48AD}.Release|Any CPU.Build.0 = Release|Any CPU
		{0A93E868-BA56-46BF-A199-33628BBEF9B9}.Debug|Any CPU.ActiveCfg = Debug|Any CPU
		{0A93E868-BA56-46BF-A199-33628BBEF9B9}.Debug|Any CPU.Build.0 = Debug|Any CPU
		{0A93E868-BA56-46BF-A199-33628BBEF9B9}.Release|Any CPU.ActiveCfg = Release|Any CPU
		{0A93E868-BA56-46BF-A199-33628BBEF9B9}.Release|Any CPU.Build.0 = Release|Any CPU
		{1FDEB5E4-7205-441C-9D9C-6C05D394E51A}.Debug|Any CPU.ActiveCfg = Debug|Any CPU
		{1FDEB5E4-7205-441C-9D9C-6C05D394E51A}.Debug|Any CPU.Build.0 = Debug|Any CPU
		{1FDEB5E4-7205-441C-9D9C-6C05D394E51A}.Release|Any CPU.ActiveCfg = Release|Any CPU
		{1FDEB5E4-7205-441C-9D9C-6C05D394E51A}.Release|Any CPU.Build.0 = Release|Any CPU
		{EA61D00D-4CA6-4F8D-B7D6-7B313A84D495}.Debug|Any CPU.ActiveCfg = Debug|Any CPU
		{EA61D00D-4CA6-4F8D-B7D6-7B313A84D495}.Debug|Any CPU.Build.0 = Debug|Any CPU
		{EA61D00D-4CA6-4F8D-B7D6-7B313A84D495}.Release|Any CPU.ActiveCfg = Release|Any CPU
		{EA61D00D-4CA6-4F8D-B7D6-7B313A84D495}.Release|Any CPU.Build.0 = Release|Any CPU
		{32A8D4CE-C1D2-4C3A-B8D0-4C184231B464}.Debug|Any CPU.ActiveCfg = Debug|Any CPU
		{32A8D4CE-C1D2-4C3A-B8D0-4C184231B464}.Debug|Any CPU.Build.0 = Debug|Any CPU
		{32A8D4CE-C1D2-4C3A-B8D0-4C184231B464}.Release|Any CPU.ActiveCfg = Release|Any CPU
		{32A8D4CE-C1D2-4C3A-B8D0-4C184231B464}.Release|Any CPU.Build.0 = Release|Any CPU
		{3B43FDA8-96D2-4C79-BAEC-D568C1F894BA}.Debug|Any CPU.ActiveCfg = Debug|Any CPU
		{3B43FDA8-96D2-4C79-BAEC-D568C1F894BA}.Debug|Any CPU.Build.0 = Debug|Any CPU
		{3B43FDA8-96D2-4C79-BAEC-D568C1F894BA}.Release|Any CPU.ActiveCfg = Release|Any CPU
		{3B43FDA8-96D2-4C79-BAEC-D568C1F894BA}.Release|Any CPU.Build.0 = Release|Any CPU
		{B9AFE47A-2243-4F2F-8332-C2C43D7EA1B0}.Debug|Any CPU.ActiveCfg = Debug|Any CPU
		{B9AFE47A-2243-4F2F-8332-C2C43D7EA1B0}.Debug|Any CPU.Build.0 = Debug|Any CPU
		{B9AFE47A-2243-4F2F-8332-C2C43D7EA1B0}.Release|Any CPU.ActiveCfg = Release|Any CPU
		{B9AFE47A-2243-4F2F-8332-C2C43D7EA1B0}.Release|Any CPU.Build.0 = Release|Any CPU
		{8D60DF6D-373F-41D1-A3B8-C7B5DFEC9368}.Debug|Any CPU.ActiveCfg = Debug|Any CPU
		{8D60DF6D-373F-41D1-A3B8-C7B5DFEC9368}.Debug|Any CPU.Build.0 = Debug|Any CPU
		{8D60DF6D-373F-41D1-A3B8-C7B5DFEC9368}.Release|Any CPU.ActiveCfg = Release|Any CPU
		{8D60DF6D-373F-41D1-A3B8-C7B5DFEC9368}.Release|Any CPU.Build.0 = Release|Any CPU
		{6C230923-40EA-4326-AF9E-D16A6F0A0433}.Debug|Any CPU.ActiveCfg = Debug|Any CPU
		{6C230923-40EA-4326-AF9E-D16A6F0A0433}.Debug|Any CPU.Build.0 = Debug|Any CPU
		{6C230923-40EA-4326-AF9E-D16A6F0A0433}.Release|Any CPU.ActiveCfg = Release|Any CPU
		{6C230923-40EA-4326-AF9E-D16A6F0A0433}.Release|Any CPU.Build.0 = Release|Any CPU
	EndGlobalSection
	GlobalSection(SolutionProperties) = preSolution
		HideSolutionNode = FALSE
	EndGlobalSection
	GlobalSection(NestedProjects) = preSolution
		{FDA708F7-F972-45DD-AC09-D6DF621FA3B8} = {A1E6E7B0-852E-4B89-94D9-14DAAD1DB6A1}
		{8B4841A0-C2F9-490E-8B63-FD3C85F10774} = {A1E6E7B0-852E-4B89-94D9-14DAAD1DB6A1}
		{DC22EB30-E9C0-440A-A4CC-5562F68BE91C} = {71082F78-D494-41D9-8165-30FA1A4A51A6}
		{0CB382C2-7441-4597-BCCF-7D3D196DB089} = {71082F78-D494-41D9-8165-30FA1A4A51A6}
		{2B7343C4-BE79-4B90-9925-88390FEA2196} = {71082F78-D494-41D9-8165-30FA1A4A51A6}
		{CC5BAD6C-1E62-4A3C-8515-8AE0D43D48AD} = {A1E6E7B0-852E-4B89-94D9-14DAAD1DB6A1}
		{0A93E868-BA56-46BF-A199-33628BBEF9B9} = {A1E6E7B0-852E-4B89-94D9-14DAAD1DB6A1}
		{1FDEB5E4-7205-441C-9D9C-6C05D394E51A} = {A1E6E7B0-852E-4B89-94D9-14DAAD1DB6A1}
		{32A8D4CE-C1D2-4C3A-B8D0-4C184231B464} = {A1E6E7B0-852E-4B89-94D9-14DAAD1DB6A1}
		{6C230923-40EA-4326-AF9E-D16A6F0A0433} = {A1E6E7B0-852E-4B89-94D9-14DAAD1DB6A1}
	EndGlobalSection
	GlobalSection(ExtensibilityGlobals) = postSolution
		SolutionGuid = {9188CAC4-53FB-42CB-A711-84085C5590C0}
	EndGlobalSection
EndGlobal
